// !$*UTF8*$!
{
	archiveVersion = 1;
	classes = {
	};
	objectVersion = 56;
	objects = {

/* Begin PBXBuildFile section */
		B8023C272B0231E800966469 /* ValidateFeedCacheUseCaseTests.swift in Sources */ = {isa = PBXBuildFile; fileRef = B8023C262B0231E800966469 /* ValidateFeedCacheUseCaseTests.swift */; };
		B8023C292B0239BD00966469 /* FeedCacheTestHelpers.swift in Sources */ = {isa = PBXBuildFile; fileRef = B8023C282B0239BD00966469 /* FeedCacheTestHelpers.swift */; };
		B8023C2B2B023B0300966469 /* SharedTestHelpers.swift in Sources */ = {isa = PBXBuildFile; fileRef = B8023C2A2B023B0300966469 /* SharedTestHelpers.swift */; };
		B8142C642B14D0F4008BB684 /* XCTestCase+FeedStoreSpecs.swift in Sources */ = {isa = PBXBuildFile; fileRef = B8142C632B14D0F4008BB684 /* XCTestCase+FeedStoreSpecs.swift */; };
		B8142C672B14DA43008BB684 /* FeedStoreSpecs.swift in Sources */ = {isa = PBXBuildFile; fileRef = B8142C662B14DA43008BB684 /* FeedStoreSpecs.swift */; };
		B8142C692B14DB5C008BB684 /* XCTestCase+FailableRetrieveFeedStoreSpecs.swift in Sources */ = {isa = PBXBuildFile; fileRef = B8142C682B14DB5C008BB684 /* XCTestCase+FailableRetrieveFeedStoreSpecs.swift */; };
		B8142C6B2B14DC5E008BB684 /* XCTestCase+FailableInsertFeedStoreSpecs.swift in Sources */ = {isa = PBXBuildFile; fileRef = B8142C6A2B14DC5E008BB684 /* XCTestCase+FailableInsertFeedStoreSpecs.swift */; };
		B8142C6D2B14DD9A008BB684 /* XCTestCase+FailableDeleteFeedStoreSpecs.swift in Sources */ = {isa = PBXBuildFile; fileRef = B8142C6C2B14DD9A008BB684 /* XCTestCase+FailableDeleteFeedStoreSpecs.swift */; };
		B8142C6F2B14E0F2008BB684 /* CoreDataFeedStoreTests.swift in Sources */ = {isa = PBXBuildFile; fileRef = B8142C6E2B14E0F2008BB684 /* CoreDataFeedStoreTests.swift */; };
		B8142C712B14E172008BB684 /* CoreDataFeedStore.swift in Sources */ = {isa = PBXBuildFile; fileRef = B8142C702B14E172008BB684 /* CoreDataFeedStore.swift */; };
		B8142C772B14E9C2008BB684 /* FeedStore.xcdatamodeld in Sources */ = {isa = PBXBuildFile; fileRef = B8142C752B14E9C2008BB684 /* FeedStore.xcdatamodeld */; };
		B839943F2AF6C9A600979305 /* CacheFeedUseCaseTests.swift in Sources */ = {isa = PBXBuildFile; fileRef = B839943E2AF6C9A600979305 /* CacheFeedUseCaseTests.swift */; };
		B83994422AFA524600979305 /* LocalFeedLoader.swift in Sources */ = {isa = PBXBuildFile; fileRef = B83994412AFA524600979305 /* LocalFeedLoader.swift */; };
		B83994442AFA539500979305 /* FeedStore.swift in Sources */ = {isa = PBXBuildFile; fileRef = B83994432AFA539500979305 /* FeedStore.swift */; };
		B83994482AFA730200979305 /* LocalFeedImage.swift in Sources */ = {isa = PBXBuildFile; fileRef = B83994472AFA730200979305 /* LocalFeedImage.swift */; };
		B839944A2AFAA84F00979305 /* LoadFeedFromCacheUseCaseTests.swift in Sources */ = {isa = PBXBuildFile; fileRef = B83994492AFAA84F00979305 /* LoadFeedFromCacheUseCaseTests.swift */; };
		B839944D2AFAA9D300979305 /* FeedStoreSpy.swift in Sources */ = {isa = PBXBuildFile; fileRef = B839944C2AFAA9D300979305 /* FeedStoreSpy.swift */; };
		B83AA97A2B20AF340067DD59 /* EssentialFeedCacheIntegrationTests.swift in Sources */ = {isa = PBXBuildFile; fileRef = B83AA9792B20AF340067DD59 /* EssentialFeedCacheIntegrationTests.swift */; };
		B83AA97B2B20AF340067DD59 /* EssentialFeedMacos.framework in Frameworks */ = {isa = PBXBuildFile; fileRef = B89CBA8B2AF55BBF003FA898 /* EssentialFeedMacos.framework */; };
		B83AA9822B20B3A40067DD59 /* XCTestCase+MemoryLeakTracking.swift in Sources */ = {isa = PBXBuildFile; fileRef = B89CBABB2AF55D89003FA898 /* XCTestCase+MemoryLeakTracking.swift */; };
		B83AA9832B20B6DE0067DD59 /* FeedCacheTestHelpers.swift in Sources */ = {isa = PBXBuildFile; fileRef = B8023C282B0239BD00966469 /* FeedCacheTestHelpers.swift */; };
		B83AA9842B20B84C0067DD59 /* SharedTestHelpers.swift in Sources */ = {isa = PBXBuildFile; fileRef = B8023C2A2B023B0300966469 /* SharedTestHelpers.swift */; };
		B83FE9032B7689D7008CD953 /* FeedPresenterTests.swift in Sources */ = {isa = PBXBuildFile; fileRef = B83FE9022B7689D7008CD953 /* FeedPresenterTests.swift */; };
		B842F3542B4F448B00907F0C /* EssentialFeediOS.docc in Sources */ = {isa = PBXBuildFile; fileRef = B842F3532B4F448B00907F0C /* EssentialFeediOS.docc */; };
		B842F35A2B4F448C00907F0C /* EssentialFeediOS.framework in Frameworks */ = {isa = PBXBuildFile; fileRef = B842F3502B4F448B00907F0C /* EssentialFeediOS.framework */; };
		B866A9192B6A9F7100202C9F /* FeedImageViewController.swift in Sources */ = {isa = PBXBuildFile; fileRef = B866A9182B6A9F7100202C9F /* FeedImageViewController.swift */; };
		B866A99E2B74557300202C9F /* Feed.storyboard in Resources */ = {isa = PBXBuildFile; fileRef = B866A99D2B74557300202C9F /* Feed.storyboard */; };
		B866A9A02B74562800202C9F /* Feed.xcassets in Resources */ = {isa = PBXBuildFile; fileRef = B866A99F2B74562800202C9F /* Feed.xcassets */; };
		B866A9A22B746B0A00202C9F /* UITableView+Extension.swift in Sources */ = {isa = PBXBuildFile; fileRef = B866A9A12B746B0900202C9F /* UITableView+Extension.swift */; };
		B866A9A42B746C0E00202C9F /* UIImageView+Animations.swift in Sources */ = {isa = PBXBuildFile; fileRef = B866A9A32B746C0E00202C9F /* UIImageView+Animations.swift */; };
		B87ED23F2B7AA6B800EB5139 /* FeedPresenter.swift in Sources */ = {isa = PBXBuildFile; fileRef = B87ED23E2B7AA6B800EB5139 /* FeedPresenter.swift */; };
		B87ED2402B7AA70F00EB5139 /* Feed.strings in Resources */ = {isa = PBXBuildFile; fileRef = B87ED23B2B7AA40100EB5139 /* Feed.strings */; };
		B87ED2422B7AAA1500EB5139 /* ErrorView.swift in Sources */ = {isa = PBXBuildFile; fileRef = B87ED2412B7AAA1500EB5139 /* ErrorView.swift */; };
		B87ED2432B7AAB3400EB5139 /* FeedLocalizationTests.swift in Sources */ = {isa = PBXBuildFile; fileRef = B866A9B02B75B5AE00202C9F /* FeedLocalizationTests.swift */; };
		B89665852B5185360029ABBA /* EssentialFeedMacos.framework in Frameworks */ = {isa = PBXBuildFile; fileRef = B89CBA8B2AF55BBF003FA898 /* EssentialFeedMacos.framework */; platformFilter = ios; };
		B896658B2B5186AA0029ABBA /* XCTestCase+MemoryLeakTracking.swift in Sources */ = {isa = PBXBuildFile; fileRef = B89CBABB2AF55D89003FA898 /* XCTestCase+MemoryLeakTracking.swift */; };
		B896658D2B51A24D0029ABBA /* FeedViewContoller.swift in Sources */ = {isa = PBXBuildFile; fileRef = B896658C2B51A24D0029ABBA /* FeedViewContoller.swift */; };
		B89665922B533D1B0029ABBA /* FeedImageCell.swift in Sources */ = {isa = PBXBuildFile; fileRef = B89665912B533D1B0029ABBA /* FeedImageCell.swift */; };
		B89665942B5471CA0029ABBA /* UIView+Extension.swift in Sources */ = {isa = PBXBuildFile; fileRef = B89665932B5471CA0029ABBA /* UIView+Extension.swift */; };
		B89CBA902AF55BBF003FA898 /* EssentialFeedMacos.docc in Sources */ = {isa = PBXBuildFile; fileRef = B89CBA8F2AF55BBF003FA898 /* EssentialFeedMacos.docc */; };
		B89CBA962AF55BBF003FA898 /* EssentialFeedMacos.framework in Frameworks */ = {isa = PBXBuildFile; fileRef = B89CBA8B2AF55BBF003FA898 /* EssentialFeedMacos.framework */; };
		B89CBA9B2AF55BBF003FA898 /* EssentialFeedMacosTests.swift in Sources */ = {isa = PBXBuildFile; fileRef = B89CBA9A2AF55BBF003FA898 /* EssentialFeedMacosTests.swift */; };
		B89CBA9C2AF55BBF003FA898 /* EssentialFeedMacos.h in Headers */ = {isa = PBXBuildFile; fileRef = B89CBA8E2AF55BBF003FA898 /* EssentialFeedMacos.h */; settings = {ATTRIBUTES = (Public, ); }; };
		B89CBAB02AF55CC9003FA898 /* FeedItem.swift in Sources */ = {isa = PBXBuildFile; fileRef = B89CBAAF2AF55CC9003FA898 /* FeedItem.swift */; };
		B89CBAB22AF55CD4003FA898 /* FeedLoader.swift in Sources */ = {isa = PBXBuildFile; fileRef = B89CBAB12AF55CD4003FA898 /* FeedLoader.swift */; };
		B89CBABC2AF55D89003FA898 /* XCTestCase+MemoryLeakTracking.swift in Sources */ = {isa = PBXBuildFile; fileRef = B89CBABB2AF55D89003FA898 /* XCTestCase+MemoryLeakTracking.swift */; };
		B89FCFC72B32FFF400B2F0A7 /* CodableFeedStoreCacheTests.swift in Sources */ = {isa = PBXBuildFile; fileRef = B89FCFC62B32FFF400B2F0A7 /* CodableFeedStoreCacheTests.swift */; };
		B89FCFC92B33002500B2F0A7 /* CodableFeedStore.swift in Sources */ = {isa = PBXBuildFile; fileRef = B89FCFC82B33002500B2F0A7 /* CodableFeedStore.swift */; };
		B8D3F4242B8A0E1900043027 /* FeedImageDataStoreSpy.swift in Sources */ = {isa = PBXBuildFile; fileRef = B8D3F4232B8A0E1900043027 /* FeedImageDataStoreSpy.swift */; };
		B8D3F4262B8A0EA400043027 /* CacheFeedImageDataUseCaseTests.swift in Sources */ = {isa = PBXBuildFile; fileRef = B8D3F4252B8A0EA400043027 /* CacheFeedImageDataUseCaseTests.swift */; };
		B8D3F4282B8A121000043027 /* CoreDataFeedImageDataStoreTests.swift in Sources */ = {isa = PBXBuildFile; fileRef = B8D3F4272B8A121000043027 /* CoreDataFeedImageDataStoreTests.swift */; };
		B8D3F42B2B8A293600043027 /* CoreDataFeedStore+FeedImageDataLoader.swift in Sources */ = {isa = PBXBuildFile; fileRef = B8D3F42A2B8A293600043027 /* CoreDataFeedStore+FeedImageDataLoader.swift */; };
		B8D3F42E2B8A313200043027 /* CoreDataFeedStore+FeedStore.swift in Sources */ = {isa = PBXBuildFile; fileRef = B8D3F42D2B8A313200043027 /* CoreDataFeedStore+FeedStore.swift */; };
		B8DC4E712BEA659F006A9A9D /* FeedImageDataCache.swift in Sources */ = {isa = PBXBuildFile; fileRef = B8DC4E702BEA659F006A9A9D /* FeedImageDataCache.swift */; };
		B8DC4EA02BED8D79006A9A9D /* FeedSnapshotTests.swift in Sources */ = {isa = PBXBuildFile; fileRef = B8DC4E9F2BED8D79006A9A9D /* FeedSnapshotTests.swift */; };
		B8DC4EA32BEE2DBD006A9A9D /* UIImage+TestHelpers.swift in Sources */ = {isa = PBXBuildFile; fileRef = B8DC4EA22BEE2DBD006A9A9D /* UIImage+TestHelpers.swift */; };
		B8DC4EA62BEE40CA006A9A9D /* UITableView+HeaderViewSizing.swift in Sources */ = {isa = PBXBuildFile; fileRef = B8DC4EA52BEE40CA006A9A9D /* UITableView+HeaderViewSizing.swift */; };
		B8DC4F852BF29CA1006A9A9D /* EssentialFeedAPI.docc in Sources */ = {isa = PBXBuildFile; fileRef = B8DC4F842BF29CA1006A9A9D /* EssentialFeedAPI.docc */; };
		B8DC4F8B2BF29CA1006A9A9D /* EssentialFeedAPI.framework in Frameworks */ = {isa = PBXBuildFile; fileRef = B8DC4F812BF29CA1006A9A9D /* EssentialFeedAPI.framework */; };
		B8DC4F902BF29CA1006A9A9D /* EssentialFeedAPITests.swift in Sources */ = {isa = PBXBuildFile; fileRef = B8DC4F8F2BF29CA1006A9A9D /* EssentialFeedAPITests.swift */; };
		B8DC4F912BF29CA1006A9A9D /* EssentialFeedAPI.h in Headers */ = {isa = PBXBuildFile; fileRef = B8DC4F832BF29CA1006A9A9D /* EssentialFeedAPI.h */; settings = {ATTRIBUTES = (Public, ); }; };
		B8DC4F982BF29D13006A9A9D /* EssentialFeedMacos.framework in Frameworks */ = {isa = PBXBuildFile; fileRef = B89CBA8B2AF55BBF003FA898 /* EssentialFeedMacos.framework */; };
		B8DC4F9D2BF29D46006A9A9D /* RemoteFeedImageDataLoader.swift in Sources */ = {isa = PBXBuildFile; fileRef = B8F04C0C2B89D55F009D5357 /* RemoteFeedImageDataLoader.swift */; };
		B8DC4F9E2BF29D46006A9A9D /* FeedItemMapper.swift in Sources */ = {isa = PBXBuildFile; fileRef = B89CBAAA2AF55C5F003FA898 /* FeedItemMapper.swift */; };
		B8DC4F9F2BF29D46006A9A9D /* URLSessionHTTPClient.swift in Sources */ = {isa = PBXBuildFile; fileRef = B89CBAAC2AF55C77003FA898 /* URLSessionHTTPClient.swift */; };
		B8DC4FA02BF29D46006A9A9D /* RemoteFeedLoader.swift in Sources */ = {isa = PBXBuildFile; fileRef = B89CBAA62AF55C2D003FA898 /* RemoteFeedLoader.swift */; };
		B8DC4FA12BF29D46006A9A9D /* RemoteFeedItem.swift in Sources */ = {isa = PBXBuildFile; fileRef = B83994452AFA711A00979305 /* RemoteFeedItem.swift */; };
		B8DC4FA22BF29D46006A9A9D /* HTTPClientResult.swift in Sources */ = {isa = PBXBuildFile; fileRef = B89CBAA82AF55C50003FA898 /* HTTPClientResult.swift */; };
		B8DC4FA32BF29DAB006A9A9D /* LoadFeedImageDataFromRemoteUseCaseTests.swift in Sources */ = {isa = PBXBuildFile; fileRef = B8F04C082B8948CC009D5357 /* LoadFeedImageDataFromRemoteUseCaseTests.swift */; };
		B8DC4FA42BF29DAB006A9A9D /* RemoteFeedLoaderTests.swift in Sources */ = {isa = PBXBuildFile; fileRef = B89CBAB32AF55D00003FA898 /* RemoteFeedLoaderTests.swift */; };
		B8DC4FA52BF29DAB006A9A9D /* URLSessionHTTPClientTests.swift in Sources */ = {isa = PBXBuildFile; fileRef = B89CBAB52AF55D20003FA898 /* URLSessionHTTPClientTests.swift */; };
		B8DC4FA82BF29EE5006A9A9D /* SharedTestHelpers.swift in Sources */ = {isa = PBXBuildFile; fileRef = B8DC4FA72BF29EE5006A9A9D /* SharedTestHelpers.swift */; };
		B8DC4FAA2BF29F09006A9A9D /* XCTestCase+MemoryLeakTracking.swift in Sources */ = {isa = PBXBuildFile; fileRef = B8DC4FA92BF29F09006A9A9D /* XCTestCase+MemoryLeakTracking.swift */; };
		B8DC4FAD2BF29F86006A9A9D /* URLProtocolStub.swift in Sources */ = {isa = PBXBuildFile; fileRef = B8F04C0E2B89DCBB009D5357 /* URLProtocolStub.swift */; };
		B8DC4FAE2BF29F86006A9A9D /* HTTPClientSpy.swift in Sources */ = {isa = PBXBuildFile; fileRef = B8F04C0A2B89D470009D5357 /* HTTPClientSpy.swift */; };
		B8E308B12AF65E840096291E /* EssentialFeedMacosAPIEndToEndTests.swift in Sources */ = {isa = PBXBuildFile; fileRef = B8E308B02AF65E840096291E /* EssentialFeedMacosAPIEndToEndTests.swift */; };
		B8E308B22AF65E840096291E /* EssentialFeedMacos.framework in Frameworks */ = {isa = PBXBuildFile; fileRef = B89CBA8B2AF55BBF003FA898 /* EssentialFeedMacos.framework */; };
		B8E308B82AF65E980096291E /* XCTestCase+MemoryLeakTracking.swift in Sources */ = {isa = PBXBuildFile; fileRef = B89CBABB2AF55D89003FA898 /* XCTestCase+MemoryLeakTracking.swift */; };
		B8F04C112B8A0420009D5357 /* LoadFeedImageDataFromCacheUseCaseTests.swift in Sources */ = {isa = PBXBuildFile; fileRef = B8F04C102B8A0420009D5357 /* LoadFeedImageDataFromCacheUseCaseTests.swift */; };
		B8F04C132B8A09CE009D5357 /* LocalFeedImageDataLoader.swift in Sources */ = {isa = PBXBuildFile; fileRef = B8F04C122B8A09CE009D5357 /* LocalFeedImageDataLoader.swift */; };
		B8F04C152B8A09E9009D5357 /* FeedImageDataStore.swift in Sources */ = {isa = PBXBuildFile; fileRef = B8F04C142B8A09E9009D5357 /* FeedImageDataStore.swift */; };
		B8F351282B02616F00908E6B /* FeedCachePolicy.swift in Sources */ = {isa = PBXBuildFile; fileRef = B8F351272B02616F00908E6B /* FeedCachePolicy.swift */; };
		B8FC48182B1D0C2A0092B308 /* CoreDataHelpers.swift in Sources */ = {isa = PBXBuildFile; fileRef = B8FC48172B1D0C2A0092B308 /* CoreDataHelpers.swift */; };
		B8FC481B2B1D14240092B308 /* ManagedCache.swift in Sources */ = {isa = PBXBuildFile; fileRef = B8FC481A2B1D14240092B308 /* ManagedCache.swift */; };
		B8FC481D2B1D14490092B308 /* ManagedFeedImage.swift in Sources */ = {isa = PBXBuildFile; fileRef = B8FC481C2B1D14490092B308 /* ManagedFeedImage.swift */; };
		B8FE37DF2BBC476B00C34D74 /* FeedCache.swift in Sources */ = {isa = PBXBuildFile; fileRef = B8FE37DE2BBC476B00C34D74 /* FeedCache.swift */; };
		B8FEC6D02B86A6270028BA7F /* FeedImagePresenterTests.swift in Sources */ = {isa = PBXBuildFile; fileRef = B8FEC6CF2B86A6270028BA7F /* FeedImagePresenterTests.swift */; };
		B8FEC6D42B86B1FB0028BA7F /* FeedImagePresenter.swift in Sources */ = {isa = PBXBuildFile; fileRef = B8FEC6D32B86B1FB0028BA7F /* FeedImagePresenter.swift */; };
		B8FEC6D62B86BD630028BA7F /* FeedImageDataLoader.swift in Sources */ = {isa = PBXBuildFile; fileRef = B8FEC6D52B86BD630028BA7F /* FeedImageDataLoader.swift */; };
/* End PBXBuildFile section */

/* Begin PBXContainerItemProxy section */
		B83AA97C2B20AF340067DD59 /* PBXContainerItemProxy */ = {
			isa = PBXContainerItemProxy;
			containerPortal = B89CBA822AF55BBF003FA898 /* Project object */;
			proxyType = 1;
			remoteGlobalIDString = B89CBA8A2AF55BBF003FA898;
			remoteInfo = EssentialFeedMacos;
		};
		B842F35B2B4F448C00907F0C /* PBXContainerItemProxy */ = {
			isa = PBXContainerItemProxy;
			containerPortal = B89CBA822AF55BBF003FA898 /* Project object */;
			proxyType = 1;
			remoteGlobalIDString = B842F34F2B4F448B00907F0C;
			remoteInfo = EssentialFeediOS;
		};
		B89665872B5185360029ABBA /* PBXContainerItemProxy */ = {
			isa = PBXContainerItemProxy;
			containerPortal = B89CBA822AF55BBF003FA898 /* Project object */;
			proxyType = 1;
			remoteGlobalIDString = B89CBA8A2AF55BBF003FA898;
			remoteInfo = EssentialFeedMacos;
		};
		B89CBA972AF55BBF003FA898 /* PBXContainerItemProxy */ = {
			isa = PBXContainerItemProxy;
			containerPortal = B89CBA822AF55BBF003FA898 /* Project object */;
			proxyType = 1;
			remoteGlobalIDString = B89CBA8A2AF55BBF003FA898;
			remoteInfo = EssentialFeedMacos;
		};
		B8DC4F8C2BF29CA1006A9A9D /* PBXContainerItemProxy */ = {
			isa = PBXContainerItemProxy;
			containerPortal = B89CBA822AF55BBF003FA898 /* Project object */;
			proxyType = 1;
			remoteGlobalIDString = B8DC4F802BF29CA1006A9A9D;
			remoteInfo = EssentialFeedAPI;
		};
		B8DC4F9A2BF29D13006A9A9D /* PBXContainerItemProxy */ = {
			isa = PBXContainerItemProxy;
			containerPortal = B89CBA822AF55BBF003FA898 /* Project object */;
			proxyType = 1;
			remoteGlobalIDString = B89CBA8A2AF55BBF003FA898;
			remoteInfo = EssentialFeedMacos;
		};
		B8E308B32AF65E840096291E /* PBXContainerItemProxy */ = {
			isa = PBXContainerItemProxy;
			containerPortal = B89CBA822AF55BBF003FA898 /* Project object */;
			proxyType = 1;
			remoteGlobalIDString = B89CBA8A2AF55BBF003FA898;
			remoteInfo = EssentialFeedMacos;
		};
/* End PBXContainerItemProxy section */

/* Begin PBXFileReference section */
		B8023C262B0231E800966469 /* ValidateFeedCacheUseCaseTests.swift */ = {isa = PBXFileReference; lastKnownFileType = sourcecode.swift; path = ValidateFeedCacheUseCaseTests.swift; sourceTree = "<group>"; };
		B8023C282B0239BD00966469 /* FeedCacheTestHelpers.swift */ = {isa = PBXFileReference; lastKnownFileType = sourcecode.swift; path = FeedCacheTestHelpers.swift; sourceTree = "<group>"; };
		B8023C2A2B023B0300966469 /* SharedTestHelpers.swift */ = {isa = PBXFileReference; lastKnownFileType = sourcecode.swift; path = SharedTestHelpers.swift; sourceTree = "<group>"; };
		B8142C632B14D0F4008BB684 /* XCTestCase+FeedStoreSpecs.swift */ = {isa = PBXFileReference; lastKnownFileType = sourcecode.swift; path = "XCTestCase+FeedStoreSpecs.swift"; sourceTree = "<group>"; };
		B8142C662B14DA43008BB684 /* FeedStoreSpecs.swift */ = {isa = PBXFileReference; lastKnownFileType = sourcecode.swift; path = FeedStoreSpecs.swift; sourceTree = "<group>"; };
		B8142C682B14DB5C008BB684 /* XCTestCase+FailableRetrieveFeedStoreSpecs.swift */ = {isa = PBXFileReference; lastKnownFileType = sourcecode.swift; path = "XCTestCase+FailableRetrieveFeedStoreSpecs.swift"; sourceTree = "<group>"; };
		B8142C6A2B14DC5E008BB684 /* XCTestCase+FailableInsertFeedStoreSpecs.swift */ = {isa = PBXFileReference; lastKnownFileType = sourcecode.swift; path = "XCTestCase+FailableInsertFeedStoreSpecs.swift"; sourceTree = "<group>"; };
		B8142C6C2B14DD9A008BB684 /* XCTestCase+FailableDeleteFeedStoreSpecs.swift */ = {isa = PBXFileReference; lastKnownFileType = sourcecode.swift; path = "XCTestCase+FailableDeleteFeedStoreSpecs.swift"; sourceTree = "<group>"; };
		B8142C6E2B14E0F2008BB684 /* CoreDataFeedStoreTests.swift */ = {isa = PBXFileReference; lastKnownFileType = sourcecode.swift; path = CoreDataFeedStoreTests.swift; sourceTree = "<group>"; };
		B8142C702B14E172008BB684 /* CoreDataFeedStore.swift */ = {isa = PBXFileReference; lastKnownFileType = sourcecode.swift; path = CoreDataFeedStore.swift; sourceTree = "<group>"; };
		B8142C762B14E9C2008BB684 /* FeedStore.xcdatamodel */ = {isa = PBXFileReference; lastKnownFileType = wrapper.xcdatamodel; path = FeedStore.xcdatamodel; sourceTree = "<group>"; };
		B839943E2AF6C9A600979305 /* CacheFeedUseCaseTests.swift */ = {isa = PBXFileReference; lastKnownFileType = sourcecode.swift; path = CacheFeedUseCaseTests.swift; sourceTree = "<group>"; };
		B83994412AFA524600979305 /* LocalFeedLoader.swift */ = {isa = PBXFileReference; lastKnownFileType = sourcecode.swift; path = LocalFeedLoader.swift; sourceTree = "<group>"; };
		B83994432AFA539500979305 /* FeedStore.swift */ = {isa = PBXFileReference; lastKnownFileType = sourcecode.swift; path = FeedStore.swift; sourceTree = "<group>"; };
		B83994452AFA711A00979305 /* RemoteFeedItem.swift */ = {isa = PBXFileReference; lastKnownFileType = sourcecode.swift; path = RemoteFeedItem.swift; sourceTree = "<group>"; };
		B83994472AFA730200979305 /* LocalFeedImage.swift */ = {isa = PBXFileReference; lastKnownFileType = sourcecode.swift; path = LocalFeedImage.swift; sourceTree = "<group>"; };
		B83994492AFAA84F00979305 /* LoadFeedFromCacheUseCaseTests.swift */ = {isa = PBXFileReference; lastKnownFileType = sourcecode.swift; path = LoadFeedFromCacheUseCaseTests.swift; sourceTree = "<group>"; };
		B839944C2AFAA9D300979305 /* FeedStoreSpy.swift */ = {isa = PBXFileReference; lastKnownFileType = sourcecode.swift; path = FeedStoreSpy.swift; sourceTree = "<group>"; };
		B83AA9772B20AF340067DD59 /* EssentialFeedCacheIntegrationTests.xctest */ = {isa = PBXFileReference; explicitFileType = wrapper.cfbundle; includeInIndex = 0; path = EssentialFeedCacheIntegrationTests.xctest; sourceTree = BUILT_PRODUCTS_DIR; };
		B83AA9792B20AF340067DD59 /* EssentialFeedCacheIntegrationTests.swift */ = {isa = PBXFileReference; lastKnownFileType = sourcecode.swift; path = EssentialFeedCacheIntegrationTests.swift; sourceTree = "<group>"; };
		B83AA9812B20AFA90067DD59 /* EssentialFeedCacheIntegrationTests.xctestplan */ = {isa = PBXFileReference; lastKnownFileType = text; path = EssentialFeedCacheIntegrationTests.xctestplan; sourceTree = "<group>"; };
		B83AA9852B20C2C40067DD59 /* CI.xctestplan */ = {isa = PBXFileReference; lastKnownFileType = text; path = CI.xctestplan; sourceTree = "<group>"; };
		B83FE9022B7689D7008CD953 /* FeedPresenterTests.swift */ = {isa = PBXFileReference; lastKnownFileType = sourcecode.swift; path = FeedPresenterTests.swift; sourceTree = "<group>"; };
		B842F34A2B4F420E00907F0C /* EssentialFeedMacosAPIEndToEndTests.xctestplan */ = {isa = PBXFileReference; lastKnownFileType = text; path = EssentialFeedMacosAPIEndToEndTests.xctestplan; sourceTree = "<group>"; };
		B842F3502B4F448B00907F0C /* EssentialFeediOS.framework */ = {isa = PBXFileReference; explicitFileType = wrapper.framework; includeInIndex = 0; path = EssentialFeediOS.framework; sourceTree = BUILT_PRODUCTS_DIR; };
		B842F3532B4F448B00907F0C /* EssentialFeediOS.docc */ = {isa = PBXFileReference; lastKnownFileType = folder.documentationcatalog; path = EssentialFeediOS.docc; sourceTree = "<group>"; };
		B842F3592B4F448B00907F0C /* EssentialFeediOSTests.xctest */ = {isa = PBXFileReference; explicitFileType = wrapper.cfbundle; includeInIndex = 0; path = EssentialFeediOSTests.xctest; sourceTree = BUILT_PRODUCTS_DIR; };
		B842F3672B4F452000907F0C /* EssentialFeediOS.xctestplan */ = {isa = PBXFileReference; lastKnownFileType = text; path = EssentialFeediOS.xctestplan; sourceTree = "<group>"; };
		B866A9182B6A9F7100202C9F /* FeedImageViewController.swift */ = {isa = PBXFileReference; lastKnownFileType = sourcecode.swift; path = FeedImageViewController.swift; sourceTree = "<group>"; };
		B866A99D2B74557300202C9F /* Feed.storyboard */ = {isa = PBXFileReference; lastKnownFileType = file.storyboard; path = Feed.storyboard; sourceTree = "<group>"; };
		B866A99F2B74562800202C9F /* Feed.xcassets */ = {isa = PBXFileReference; lastKnownFileType = folder.assetcatalog; path = Feed.xcassets; sourceTree = "<group>"; };
		B866A9A12B746B0900202C9F /* UITableView+Extension.swift */ = {isa = PBXFileReference; lastKnownFileType = sourcecode.swift; path = "UITableView+Extension.swift"; sourceTree = "<group>"; };
		B866A9A32B746C0E00202C9F /* UIImageView+Animations.swift */ = {isa = PBXFileReference; lastKnownFileType = sourcecode.swift; path = "UIImageView+Animations.swift"; sourceTree = "<group>"; };
		B866A9B02B75B5AE00202C9F /* FeedLocalizationTests.swift */ = {isa = PBXFileReference; lastKnownFileType = sourcecode.swift; path = FeedLocalizationTests.swift; sourceTree = "<group>"; };
		B87ED23A2B7AA40100EB5139 /* en */ = {isa = PBXFileReference; lastKnownFileType = text.plist.strings; name = en; path = en.lproj/Feed.strings; sourceTree = "<group>"; };
		B87ED23C2B7AA40200EB5139 /* kaa */ = {isa = PBXFileReference; lastKnownFileType = text.plist.strings; name = kaa; path = kaa.lproj/Feed.strings; sourceTree = "<group>"; };
		B87ED23E2B7AA6B800EB5139 /* FeedPresenter.swift */ = {isa = PBXFileReference; lastKnownFileType = sourcecode.swift; path = FeedPresenter.swift; sourceTree = "<group>"; };
		B87ED2412B7AAA1500EB5139 /* ErrorView.swift */ = {isa = PBXFileReference; lastKnownFileType = sourcecode.swift; path = ErrorView.swift; sourceTree = "<group>"; };
		B896658C2B51A24D0029ABBA /* FeedViewContoller.swift */ = {isa = PBXFileReference; lastKnownFileType = sourcecode.swift; path = FeedViewContoller.swift; sourceTree = "<group>"; };
		B89665912B533D1B0029ABBA /* FeedImageCell.swift */ = {isa = PBXFileReference; lastKnownFileType = sourcecode.swift; path = FeedImageCell.swift; sourceTree = "<group>"; };
		B89665932B5471CA0029ABBA /* UIView+Extension.swift */ = {isa = PBXFileReference; lastKnownFileType = sourcecode.swift; path = "UIView+Extension.swift"; sourceTree = "<group>"; };
		B89CBA8B2AF55BBF003FA898 /* EssentialFeedMacos.framework */ = {isa = PBXFileReference; explicitFileType = wrapper.framework; includeInIndex = 0; path = EssentialFeedMacos.framework; sourceTree = BUILT_PRODUCTS_DIR; };
		B89CBA8E2AF55BBF003FA898 /* EssentialFeedMacos.h */ = {isa = PBXFileReference; lastKnownFileType = sourcecode.c.h; path = EssentialFeedMacos.h; sourceTree = "<group>"; };
		B89CBA8F2AF55BBF003FA898 /* EssentialFeedMacos.docc */ = {isa = PBXFileReference; lastKnownFileType = folder.documentationcatalog; path = EssentialFeedMacos.docc; sourceTree = "<group>"; };
		B89CBA952AF55BBF003FA898 /* EssentialFeedMacosTests.xctest */ = {isa = PBXFileReference; explicitFileType = wrapper.cfbundle; includeInIndex = 0; path = EssentialFeedMacosTests.xctest; sourceTree = BUILT_PRODUCTS_DIR; };
		B89CBA9A2AF55BBF003FA898 /* EssentialFeedMacosTests.swift */ = {isa = PBXFileReference; lastKnownFileType = sourcecode.swift; path = EssentialFeedMacosTests.swift; sourceTree = "<group>"; };
		B89CBAA62AF55C2D003FA898 /* RemoteFeedLoader.swift */ = {isa = PBXFileReference; lastKnownFileType = sourcecode.swift; path = RemoteFeedLoader.swift; sourceTree = "<group>"; };
		B89CBAA82AF55C50003FA898 /* HTTPClientResult.swift */ = {isa = PBXFileReference; lastKnownFileType = sourcecode.swift; path = HTTPClientResult.swift; sourceTree = "<group>"; };
		B89CBAAA2AF55C5F003FA898 /* FeedItemMapper.swift */ = {isa = PBXFileReference; lastKnownFileType = sourcecode.swift; path = FeedItemMapper.swift; sourceTree = "<group>"; };
		B89CBAAC2AF55C77003FA898 /* URLSessionHTTPClient.swift */ = {isa = PBXFileReference; lastKnownFileType = sourcecode.swift; path = URLSessionHTTPClient.swift; sourceTree = "<group>"; };
		B89CBAAF2AF55CC9003FA898 /* FeedItem.swift */ = {isa = PBXFileReference; lastKnownFileType = sourcecode.swift; path = FeedItem.swift; sourceTree = "<group>"; };
		B89CBAB12AF55CD4003FA898 /* FeedLoader.swift */ = {isa = PBXFileReference; lastKnownFileType = sourcecode.swift; path = FeedLoader.swift; sourceTree = "<group>"; };
		B89CBAB32AF55D00003FA898 /* RemoteFeedLoaderTests.swift */ = {isa = PBXFileReference; lastKnownFileType = sourcecode.swift; path = RemoteFeedLoaderTests.swift; sourceTree = "<group>"; };
		B89CBAB52AF55D20003FA898 /* URLSessionHTTPClientTests.swift */ = {isa = PBXFileReference; lastKnownFileType = sourcecode.swift; path = URLSessionHTTPClientTests.swift; sourceTree = "<group>"; };
		B89CBABB2AF55D89003FA898 /* XCTestCase+MemoryLeakTracking.swift */ = {isa = PBXFileReference; lastKnownFileType = sourcecode.swift; path = "XCTestCase+MemoryLeakTracking.swift"; sourceTree = "<group>"; };
		B89FCFC62B32FFF400B2F0A7 /* CodableFeedStoreCacheTests.swift */ = {isa = PBXFileReference; lastKnownFileType = sourcecode.swift; path = CodableFeedStoreCacheTests.swift; sourceTree = "<group>"; };
		B89FCFC82B33002500B2F0A7 /* CodableFeedStore.swift */ = {isa = PBXFileReference; lastKnownFileType = sourcecode.swift; path = CodableFeedStore.swift; sourceTree = "<group>"; };
		B8D3F4232B8A0E1900043027 /* FeedImageDataStoreSpy.swift */ = {isa = PBXFileReference; lastKnownFileType = sourcecode.swift; path = FeedImageDataStoreSpy.swift; sourceTree = "<group>"; };
		B8D3F4252B8A0EA400043027 /* CacheFeedImageDataUseCaseTests.swift */ = {isa = PBXFileReference; lastKnownFileType = sourcecode.swift; path = CacheFeedImageDataUseCaseTests.swift; sourceTree = "<group>"; };
		B8D3F4272B8A121000043027 /* CoreDataFeedImageDataStoreTests.swift */ = {isa = PBXFileReference; lastKnownFileType = sourcecode.swift; path = CoreDataFeedImageDataStoreTests.swift; sourceTree = "<group>"; };
		B8D3F4292B8A27D300043027 /* FeedStore 2.xcdatamodel */ = {isa = PBXFileReference; lastKnownFileType = wrapper.xcdatamodel; path = "FeedStore 2.xcdatamodel"; sourceTree = "<group>"; };
		B8D3F42A2B8A293600043027 /* CoreDataFeedStore+FeedImageDataLoader.swift */ = {isa = PBXFileReference; lastKnownFileType = sourcecode.swift; path = "CoreDataFeedStore+FeedImageDataLoader.swift"; sourceTree = "<group>"; };
		B8D3F42C2B8A2DC600043027 /* FeedStore2.xcdatamodel */ = {isa = PBXFileReference; lastKnownFileType = wrapper.xcdatamodel; path = FeedStore2.xcdatamodel; sourceTree = "<group>"; };
		B8D3F42D2B8A313200043027 /* CoreDataFeedStore+FeedStore.swift */ = {isa = PBXFileReference; lastKnownFileType = sourcecode.swift; path = "CoreDataFeedStore+FeedStore.swift"; sourceTree = "<group>"; };
		B8DC4E702BEA659F006A9A9D /* FeedImageDataCache.swift */ = {isa = PBXFileReference; lastKnownFileType = sourcecode.swift; path = FeedImageDataCache.swift; sourceTree = "<group>"; };
		B8DC4E9F2BED8D79006A9A9D /* FeedSnapshotTests.swift */ = {isa = PBXFileReference; lastKnownFileType = sourcecode.swift; path = FeedSnapshotTests.swift; sourceTree = "<group>"; };
		B8DC4EA22BEE2DBD006A9A9D /* UIImage+TestHelpers.swift */ = {isa = PBXFileReference; fileEncoding = 4; lastKnownFileType = sourcecode.swift; path = "UIImage+TestHelpers.swift"; sourceTree = "<group>"; };
		B8DC4EA52BEE40CA006A9A9D /* UITableView+HeaderViewSizing.swift */ = {isa = PBXFileReference; lastKnownFileType = sourcecode.swift; path = "UITableView+HeaderViewSizing.swift"; sourceTree = "<group>"; };
		B8DC4F812BF29CA1006A9A9D /* EssentialFeedAPI.framework */ = {isa = PBXFileReference; explicitFileType = wrapper.framework; includeInIndex = 0; path = EssentialFeedAPI.framework; sourceTree = BUILT_PRODUCTS_DIR; };
		B8DC4F832BF29CA1006A9A9D /* EssentialFeedAPI.h */ = {isa = PBXFileReference; lastKnownFileType = sourcecode.c.h; path = EssentialFeedAPI.h; sourceTree = "<group>"; };
		B8DC4F842BF29CA1006A9A9D /* EssentialFeedAPI.docc */ = {isa = PBXFileReference; lastKnownFileType = folder.documentationcatalog; path = EssentialFeedAPI.docc; sourceTree = "<group>"; };
		B8DC4F8A2BF29CA1006A9A9D /* EssentialFeedAPITests.xctest */ = {isa = PBXFileReference; explicitFileType = wrapper.cfbundle; includeInIndex = 0; path = EssentialFeedAPITests.xctest; sourceTree = BUILT_PRODUCTS_DIR; };
		B8DC4F8F2BF29CA1006A9A9D /* EssentialFeedAPITests.swift */ = {isa = PBXFileReference; lastKnownFileType = sourcecode.swift; path = EssentialFeedAPITests.swift; sourceTree = "<group>"; };
		B8DC4FA72BF29EE5006A9A9D /* SharedTestHelpers.swift */ = {isa = PBXFileReference; lastKnownFileType = sourcecode.swift; path = SharedTestHelpers.swift; sourceTree = "<group>"; };
		B8DC4FA92BF29F09006A9A9D /* XCTestCase+MemoryLeakTracking.swift */ = {isa = PBXFileReference; lastKnownFileType = sourcecode.swift; path = "XCTestCase+MemoryLeakTracking.swift"; sourceTree = "<group>"; };
		B8E308AE2AF65E840096291E /* EssentialFeedMacosAPIEndToEndTests.xctest */ = {isa = PBXFileReference; explicitFileType = wrapper.cfbundle; includeInIndex = 0; path = EssentialFeedMacosAPIEndToEndTests.xctest; sourceTree = BUILT_PRODUCTS_DIR; };
		B8E308B02AF65E840096291E /* EssentialFeedMacosAPIEndToEndTests.swift */ = {isa = PBXFileReference; lastKnownFileType = sourcecode.swift; path = EssentialFeedMacosAPIEndToEndTests.swift; sourceTree = "<group>"; };
		B8F04C082B8948CC009D5357 /* LoadFeedImageDataFromRemoteUseCaseTests.swift */ = {isa = PBXFileReference; lastKnownFileType = sourcecode.swift; path = LoadFeedImageDataFromRemoteUseCaseTests.swift; sourceTree = "<group>"; };
		B8F04C0A2B89D470009D5357 /* HTTPClientSpy.swift */ = {isa = PBXFileReference; lastKnownFileType = sourcecode.swift; path = HTTPClientSpy.swift; sourceTree = "<group>"; };
		B8F04C0C2B89D55F009D5357 /* RemoteFeedImageDataLoader.swift */ = {isa = PBXFileReference; lastKnownFileType = sourcecode.swift; path = RemoteFeedImageDataLoader.swift; sourceTree = "<group>"; };
		B8F04C0E2B89DCBB009D5357 /* URLProtocolStub.swift */ = {isa = PBXFileReference; lastKnownFileType = sourcecode.swift; path = URLProtocolStub.swift; sourceTree = "<group>"; };
		B8F04C102B8A0420009D5357 /* LoadFeedImageDataFromCacheUseCaseTests.swift */ = {isa = PBXFileReference; lastKnownFileType = sourcecode.swift; path = LoadFeedImageDataFromCacheUseCaseTests.swift; sourceTree = "<group>"; };
		B8F04C122B8A09CE009D5357 /* LocalFeedImageDataLoader.swift */ = {isa = PBXFileReference; lastKnownFileType = sourcecode.swift; path = LocalFeedImageDataLoader.swift; sourceTree = "<group>"; };
		B8F04C142B8A09E9009D5357 /* FeedImageDataStore.swift */ = {isa = PBXFileReference; lastKnownFileType = sourcecode.swift; path = FeedImageDataStore.swift; sourceTree = "<group>"; };
		B8F351272B02616F00908E6B /* FeedCachePolicy.swift */ = {isa = PBXFileReference; lastKnownFileType = sourcecode.swift; path = FeedCachePolicy.swift; sourceTree = "<group>"; };
		B8FC48172B1D0C2A0092B308 /* CoreDataHelpers.swift */ = {isa = PBXFileReference; lastKnownFileType = sourcecode.swift; path = CoreDataHelpers.swift; sourceTree = "<group>"; };
		B8FC481A2B1D14240092B308 /* ManagedCache.swift */ = {isa = PBXFileReference; lastKnownFileType = sourcecode.swift; path = ManagedCache.swift; sourceTree = "<group>"; };
		B8FC481C2B1D14490092B308 /* ManagedFeedImage.swift */ = {isa = PBXFileReference; lastKnownFileType = sourcecode.swift; path = ManagedFeedImage.swift; sourceTree = "<group>"; };
		B8FE37DE2BBC476B00C34D74 /* FeedCache.swift */ = {isa = PBXFileReference; lastKnownFileType = sourcecode.swift; path = FeedCache.swift; sourceTree = "<group>"; };
		B8FEC6CF2B86A6270028BA7F /* FeedImagePresenterTests.swift */ = {isa = PBXFileReference; lastKnownFileType = sourcecode.swift; path = FeedImagePresenterTests.swift; sourceTree = "<group>"; };
		B8FEC6D32B86B1FB0028BA7F /* FeedImagePresenter.swift */ = {isa = PBXFileReference; lastKnownFileType = sourcecode.swift; path = FeedImagePresenter.swift; sourceTree = "<group>"; };
		B8FEC6D52B86BD630028BA7F /* FeedImageDataLoader.swift */ = {isa = PBXFileReference; lastKnownFileType = sourcecode.swift; path = FeedImageDataLoader.swift; sourceTree = "<group>"; };
/* End PBXFileReference section */

/* Begin PBXFrameworksBuildPhase section */
		B83AA9742B20AF340067DD59 /* Frameworks */ = {
			isa = PBXFrameworksBuildPhase;
			buildActionMask = 2147483647;
			files = (
				B83AA97B2B20AF340067DD59 /* EssentialFeedMacos.framework in Frameworks */,
			);
			runOnlyForDeploymentPostprocessing = 0;
		};
		B842F34D2B4F448B00907F0C /* Frameworks */ = {
			isa = PBXFrameworksBuildPhase;
			buildActionMask = 2147483647;
			files = (
				B89665852B5185360029ABBA /* EssentialFeedMacos.framework in Frameworks */,
			);
			runOnlyForDeploymentPostprocessing = 0;
		};
		B842F3562B4F448B00907F0C /* Frameworks */ = {
			isa = PBXFrameworksBuildPhase;
			buildActionMask = 2147483647;
			files = (
				B842F35A2B4F448C00907F0C /* EssentialFeediOS.framework in Frameworks */,
			);
			runOnlyForDeploymentPostprocessing = 0;
		};
		B89CBA882AF55BBF003FA898 /* Frameworks */ = {
			isa = PBXFrameworksBuildPhase;
			buildActionMask = 2147483647;
			files = (
			);
			runOnlyForDeploymentPostprocessing = 0;
		};
		B89CBA922AF55BBF003FA898 /* Frameworks */ = {
			isa = PBXFrameworksBuildPhase;
			buildActionMask = 2147483647;
			files = (
				B89CBA962AF55BBF003FA898 /* EssentialFeedMacos.framework in Frameworks */,
			);
			runOnlyForDeploymentPostprocessing = 0;
		};
		B8DC4F7E2BF29CA1006A9A9D /* Frameworks */ = {
			isa = PBXFrameworksBuildPhase;
			buildActionMask = 2147483647;
			files = (
				B8DC4F982BF29D13006A9A9D /* EssentialFeedMacos.framework in Frameworks */,
			);
			runOnlyForDeploymentPostprocessing = 0;
		};
		B8DC4F872BF29CA1006A9A9D /* Frameworks */ = {
			isa = PBXFrameworksBuildPhase;
			buildActionMask = 2147483647;
			files = (
				B8DC4F8B2BF29CA1006A9A9D /* EssentialFeedAPI.framework in Frameworks */,
			);
			runOnlyForDeploymentPostprocessing = 0;
		};
		B8E308AB2AF65E840096291E /* Frameworks */ = {
			isa = PBXFrameworksBuildPhase;
			buildActionMask = 2147483647;
			files = (
				B8E308B22AF65E840096291E /* EssentialFeedMacos.framework in Frameworks */,
			);
			runOnlyForDeploymentPostprocessing = 0;
		};
/* End PBXFrameworksBuildPhase section */

/* Begin PBXGroup section */
		B8142C652B14DA31008BB684 /* FeedStoreSpecs */ = {
			isa = PBXGroup;
			children = (
				B8142C662B14DA43008BB684 /* FeedStoreSpecs.swift */,
				B8142C632B14D0F4008BB684 /* XCTestCase+FeedStoreSpecs.swift */,
				B8142C682B14DB5C008BB684 /* XCTestCase+FailableRetrieveFeedStoreSpecs.swift */,
				B8142C6A2B14DC5E008BB684 /* XCTestCase+FailableInsertFeedStoreSpecs.swift */,
				B8142C6C2B14DD9A008BB684 /* XCTestCase+FailableDeleteFeedStoreSpecs.swift */,
			);
			path = FeedStoreSpecs;
			sourceTree = "<group>";
		};
		B839943D2AF6C83200979305 /* FeedCache */ = {
			isa = PBXGroup;
			children = (
				B8142C652B14DA31008BB684 /* FeedStoreSpecs */,
				B839944B2AFAA9C700979305 /* Helpers */,
				B839943E2AF6C9A600979305 /* CacheFeedUseCaseTests.swift */,
				B83994492AFAA84F00979305 /* LoadFeedFromCacheUseCaseTests.swift */,
				B8023C262B0231E800966469 /* ValidateFeedCacheUseCaseTests.swift */,
				B8142C6E2B14E0F2008BB684 /* CoreDataFeedStoreTests.swift */,
				B89FCFC62B32FFF400B2F0A7 /* CodableFeedStoreCacheTests.swift */,
				B8F04C102B8A0420009D5357 /* LoadFeedImageDataFromCacheUseCaseTests.swift */,
				B8D3F4252B8A0EA400043027 /* CacheFeedImageDataUseCaseTests.swift */,
				B8D3F4272B8A121000043027 /* CoreDataFeedImageDataStoreTests.swift */,
			);
			path = FeedCache;
			sourceTree = "<group>";
		};
		B83994402AFA523400979305 /* FeedCache */ = {
			isa = PBXGroup;
			children = (
				B8FC48152B1CADED0092B308 /* Infrastructure */,
				B83994412AFA524600979305 /* LocalFeedLoader.swift */,
				B83994432AFA539500979305 /* FeedStore.swift */,
				B83994472AFA730200979305 /* LocalFeedImage.swift */,
				B8F351272B02616F00908E6B /* FeedCachePolicy.swift */,
				B8F04C122B8A09CE009D5357 /* LocalFeedImageDataLoader.swift */,
				B8F04C142B8A09E9009D5357 /* FeedImageDataStore.swift */,
			);
			path = FeedCache;
			sourceTree = "<group>";
		};
		B839944B2AFAA9C700979305 /* Helpers */ = {
			isa = PBXGroup;
			children = (
				B839944C2AFAA9D300979305 /* FeedStoreSpy.swift */,
				B8023C282B0239BD00966469 /* FeedCacheTestHelpers.swift */,
				B8D3F4232B8A0E1900043027 /* FeedImageDataStoreSpy.swift */,
			);
			path = Helpers;
			sourceTree = "<group>";
		};
		B83AA9782B20AF340067DD59 /* EssentialFeedCacheIntegrationTests */ = {
			isa = PBXGroup;
			children = (
				B83AA9792B20AF340067DD59 /* EssentialFeedCacheIntegrationTests.swift */,
			);
			path = EssentialFeedCacheIntegrationTests;
			sourceTree = "<group>";
		};
		B83FE9012B7689BE008CD953 /* FeedPresentation */ = {
			isa = PBXGroup;
			children = (
				B83FE9022B7689D7008CD953 /* FeedPresenterTests.swift */,
				B866A9B02B75B5AE00202C9F /* FeedLocalizationTests.swift */,
				B8FEC6CF2B86A6270028BA7F /* FeedImagePresenterTests.swift */,
			);
			path = FeedPresentation;
			sourceTree = "<group>";
		};
		B842F3512B4F448B00907F0C /* EssentialFeediOS */ = {
			isa = PBXGroup;
			children = (
				B866A9132B6A8E7900202C9F /* Feed UI */,
				B842F3532B4F448B00907F0C /* EssentialFeediOS.docc */,
			);
			path = EssentialFeediOS;
			sourceTree = "<group>";
		};
		B842F35D2B4F448C00907F0C /* EssentialFeediOSTests */ = {
			isa = PBXGroup;
			children = (
				B8DC4EA12BEE2DA7006A9A9D /* New Group */,
				B8DC4E9F2BED8D79006A9A9D /* FeedSnapshotTests.swift */,
			);
			path = EssentialFeediOSTests;
			sourceTree = "<group>";
		};
		B866A9132B6A8E7900202C9F /* Feed UI */ = {
			isa = PBXGroup;
			children = (
				B866A9142B6A8E8F00202C9F /* Controllers */,
				B866A9152B6A8EAB00202C9F /* Views */,
			);
			path = "Feed UI";
			sourceTree = "<group>";
		};
		B866A9142B6A8E8F00202C9F /* Controllers */ = {
			isa = PBXGroup;
			children = (
				B896658C2B51A24D0029ABBA /* FeedViewContoller.swift */,
				B866A9182B6A9F7100202C9F /* FeedImageViewController.swift */,
			);
			path = Controllers;
			sourceTree = "<group>";
		};
		B866A9152B6A8EAB00202C9F /* Views */ = {
			isa = PBXGroup;
			children = (
				B8DC4EA42BEE40B8006A9A9D /* Helpers */,
				B89665912B533D1B0029ABBA /* FeedImageCell.swift */,
				B89665932B5471CA0029ABBA /* UIView+Extension.swift */,
				B866A99D2B74557300202C9F /* Feed.storyboard */,
				B866A99F2B74562800202C9F /* Feed.xcassets */,
				B866A9A12B746B0900202C9F /* UITableView+Extension.swift */,
				B866A9A32B746C0E00202C9F /* UIImageView+Animations.swift */,
				B87ED2412B7AAA1500EB5139 /* ErrorView.swift */,
			);
			path = Views;
			sourceTree = "<group>";
		};
		B87ED23D2B7AA6AA00EB5139 /* FeedPresentation */ = {
			isa = PBXGroup;
			children = (
				B87ED23E2B7AA6B800EB5139 /* FeedPresenter.swift */,
				B87ED23B2B7AA40100EB5139 /* Feed.strings */,
				B8FEC6D32B86B1FB0028BA7F /* FeedImagePresenter.swift */,
			);
			path = FeedPresentation;
			sourceTree = "<group>";
		};
		B89665842B5185360029ABBA /* Frameworks */ = {
			isa = PBXGroup;
			children = (
			);
			name = Frameworks;
			sourceTree = "<group>";
		};
		B89CBA812AF55BBF003FA898 = {
			isa = PBXGroup;
			children = (
				B842F3672B4F452000907F0C /* EssentialFeediOS.xctestplan */,
				B842F34A2B4F420E00907F0C /* EssentialFeedMacosAPIEndToEndTests.xctestplan */,
				B83AA9852B20C2C40067DD59 /* CI.xctestplan */,
				B83AA9812B20AFA90067DD59 /* EssentialFeedCacheIntegrationTests.xctestplan */,
				B89CBA8D2AF55BBF003FA898 /* EssentialFeedMacos */,
				B89CBA992AF55BBF003FA898 /* EssentialFeedMacosTests */,
				B8E308AF2AF65E840096291E /* EssentialFeedMacosAPIEndToEndTests */,
				B83AA9782B20AF340067DD59 /* EssentialFeedCacheIntegrationTests */,
				B842F3512B4F448B00907F0C /* EssentialFeediOS */,
				B842F35D2B4F448C00907F0C /* EssentialFeediOSTests */,
				B8DC4F822BF29CA1006A9A9D /* EssentialFeedAPI */,
				B8DC4F8E2BF29CA1006A9A9D /* EssentialFeedAPITests */,
				B89CBA8C2AF55BBF003FA898 /* Products */,
				B89665842B5185360029ABBA /* Frameworks */,
			);
			sourceTree = "<group>";
		};
		B89CBA8C2AF55BBF003FA898 /* Products */ = {
			isa = PBXGroup;
			children = (
				B89CBA8B2AF55BBF003FA898 /* EssentialFeedMacos.framework */,
				B89CBA952AF55BBF003FA898 /* EssentialFeedMacosTests.xctest */,
				B8E308AE2AF65E840096291E /* EssentialFeedMacosAPIEndToEndTests.xctest */,
				B83AA9772B20AF340067DD59 /* EssentialFeedCacheIntegrationTests.xctest */,
				B842F3502B4F448B00907F0C /* EssentialFeediOS.framework */,
				B842F3592B4F448B00907F0C /* EssentialFeediOSTests.xctest */,
				B8DC4F812BF29CA1006A9A9D /* EssentialFeedAPI.framework */,
				B8DC4F8A2BF29CA1006A9A9D /* EssentialFeedAPITests.xctest */,
			);
			name = Products;
			sourceTree = "<group>";
		};
		B89CBA8D2AF55BBF003FA898 /* EssentialFeedMacos */ = {
			isa = PBXGroup;
			children = (
				B87ED23D2B7AA6AA00EB5139 /* FeedPresentation */,
				B83994402AFA523400979305 /* FeedCache */,
				B89CBAAE2AF55CBD003FA898 /* FeedFeature */,
				B89CBA8E2AF55BBF003FA898 /* EssentialFeedMacos.h */,
				B89CBA8F2AF55BBF003FA898 /* EssentialFeedMacos.docc */,
			);
			path = EssentialFeedMacos;
			sourceTree = "<group>";
		};
		B89CBA992AF55BBF003FA898 /* EssentialFeedMacosTests */ = {
			isa = PBXGroup;
			children = (
				B83FE9012B7689BE008CD953 /* FeedPresentation */,
				B89CBABA2AF55D79003FA898 /* Helpers */,
				B839943D2AF6C83200979305 /* FeedCache */,
				B89CBA9A2AF55BBF003FA898 /* EssentialFeedMacosTests.swift */,
			);
			path = EssentialFeedMacosTests;
			sourceTree = "<group>";
		};
		B89CBAAE2AF55CBD003FA898 /* FeedFeature */ = {
			isa = PBXGroup;
			children = (
				B89CBAAF2AF55CC9003FA898 /* FeedItem.swift */,
				B89CBAB12AF55CD4003FA898 /* FeedLoader.swift */,
				B8FEC6D52B86BD630028BA7F /* FeedImageDataLoader.swift */,
				B8FE37DE2BBC476B00C34D74 /* FeedCache.swift */,
				B8DC4E702BEA659F006A9A9D /* FeedImageDataCache.swift */,
			);
			path = FeedFeature;
			sourceTree = "<group>";
		};
		B89CBABA2AF55D79003FA898 /* Helpers */ = {
			isa = PBXGroup;
			children = (
				B89CBABB2AF55D89003FA898 /* XCTestCase+MemoryLeakTracking.swift */,
				B8023C2A2B023B0300966469 /* SharedTestHelpers.swift */,
			);
			path = Helpers;
			sourceTree = "<group>";
		};
		B89FCFCA2B33003400B2F0A7 /* Codable */ = {
			isa = PBXGroup;
			children = (
				B89FCFC82B33002500B2F0A7 /* CodableFeedStore.swift */,
			);
			path = Codable;
			sourceTree = "<group>";
		};
		B8DC4EA12BEE2DA7006A9A9D /* New Group */ = {
			isa = PBXGroup;
			children = (
				B8DC4EA22BEE2DBD006A9A9D /* UIImage+TestHelpers.swift */,
			);
			path = "New Group";
			sourceTree = "<group>";
		};
		B8DC4EA42BEE40B8006A9A9D /* Helpers */ = {
			isa = PBXGroup;
			children = (
				B8DC4EA52BEE40CA006A9A9D /* UITableView+HeaderViewSizing.swift */,
			);
			path = Helpers;
			sourceTree = "<group>";
		};
		B8DC4F822BF29CA1006A9A9D /* EssentialFeedAPI */ = {
			isa = PBXGroup;
			children = (
				B89CBAA62AF55C2D003FA898 /* RemoteFeedLoader.swift */,
				B89CBAA82AF55C50003FA898 /* HTTPClientResult.swift */,
				B89CBAAA2AF55C5F003FA898 /* FeedItemMapper.swift */,
				B89CBAAC2AF55C77003FA898 /* URLSessionHTTPClient.swift */,
				B83994452AFA711A00979305 /* RemoteFeedItem.swift */,
				B8F04C0C2B89D55F009D5357 /* RemoteFeedImageDataLoader.swift */,
				B8DC4F832BF29CA1006A9A9D /* EssentialFeedAPI.h */,
				B8DC4F842BF29CA1006A9A9D /* EssentialFeedAPI.docc */,
			);
			path = EssentialFeedAPI;
			sourceTree = "<group>";
		};
		B8DC4F8E2BF29CA1006A9A9D /* EssentialFeedAPITests */ = {
			isa = PBXGroup;
			children = (
				B8DC4FA62BF29E91006A9A9D /* Helpers */,
				B89CBAB32AF55D00003FA898 /* RemoteFeedLoaderTests.swift */,
				B89CBAB52AF55D20003FA898 /* URLSessionHTTPClientTests.swift */,
				B8F04C082B8948CC009D5357 /* LoadFeedImageDataFromRemoteUseCaseTests.swift */,
				B8DC4F8F2BF29CA1006A9A9D /* EssentialFeedAPITests.swift */,
			);
			path = EssentialFeedAPITests;
			sourceTree = "<group>";
		};
		B8DC4FA62BF29E91006A9A9D /* Helpers */ = {
			isa = PBXGroup;
			children = (
				B8F04C0A2B89D470009D5357 /* HTTPClientSpy.swift */,
				B8F04C0E2B89DCBB009D5357 /* URLProtocolStub.swift */,
				B8DC4FA72BF29EE5006A9A9D /* SharedTestHelpers.swift */,
				B8DC4FA92BF29F09006A9A9D /* XCTestCase+MemoryLeakTracking.swift */,
			);
			path = Helpers;
			sourceTree = "<group>";
		};
		B8E308AF2AF65E840096291E /* EssentialFeedMacosAPIEndToEndTests */ = {
			isa = PBXGroup;
			children = (
				B8E308B02AF65E840096291E /* EssentialFeedMacosAPIEndToEndTests.swift */,
			);
			path = EssentialFeedMacosAPIEndToEndTests;
			sourceTree = "<group>";
		};
		B8FC48152B1CADED0092B308 /* Infrastructure */ = {
			isa = PBXGroup;
			children = (
				B89FCFCA2B33003400B2F0A7 /* Codable */,
				B8FC48162B1D09AD0092B308 /* CoreData */,
			);
			path = Infrastructure;
			sourceTree = "<group>";
		};
		B8FC48162B1D09AD0092B308 /* CoreData */ = {
			isa = PBXGroup;
			children = (
				B8142C702B14E172008BB684 /* CoreDataFeedStore.swift */,
				B8142C752B14E9C2008BB684 /* FeedStore.xcdatamodeld */,
				B8FC48172B1D0C2A0092B308 /* CoreDataHelpers.swift */,
				B8FC481A2B1D14240092B308 /* ManagedCache.swift */,
				B8FC481C2B1D14490092B308 /* ManagedFeedImage.swift */,
				B8D3F42A2B8A293600043027 /* CoreDataFeedStore+FeedImageDataLoader.swift */,
				B8D3F42D2B8A313200043027 /* CoreDataFeedStore+FeedStore.swift */,
			);
			path = CoreData;
			sourceTree = "<group>";
		};
/* End PBXGroup section */

/* Begin PBXHeadersBuildPhase section */
		B842F34B2B4F448B00907F0C /* Headers */ = {
			isa = PBXHeadersBuildPhase;
			buildActionMask = 2147483647;
			files = (
			);
			runOnlyForDeploymentPostprocessing = 0;
		};
		B89CBA862AF55BBF003FA898 /* Headers */ = {
			isa = PBXHeadersBuildPhase;
			buildActionMask = 2147483647;
			files = (
				B89CBA9C2AF55BBF003FA898 /* EssentialFeedMacos.h in Headers */,
			);
			runOnlyForDeploymentPostprocessing = 0;
		};
		B8DC4F7C2BF29CA1006A9A9D /* Headers */ = {
			isa = PBXHeadersBuildPhase;
			buildActionMask = 2147483647;
			files = (
				B8DC4F912BF29CA1006A9A9D /* EssentialFeedAPI.h in Headers */,
			);
			runOnlyForDeploymentPostprocessing = 0;
		};
/* End PBXHeadersBuildPhase section */

/* Begin PBXNativeTarget section */
		B83AA9762B20AF340067DD59 /* EssentialFeedCacheIntegrationTests */ = {
			isa = PBXNativeTarget;
			buildConfigurationList = B83AA9802B20AF340067DD59 /* Build configuration list for PBXNativeTarget "EssentialFeedCacheIntegrationTests" */;
			buildPhases = (
				B83AA9732B20AF340067DD59 /* Sources */,
				B83AA9742B20AF340067DD59 /* Frameworks */,
				B83AA9752B20AF340067DD59 /* Resources */,
			);
			buildRules = (
			);
			dependencies = (
				B83AA97D2B20AF340067DD59 /* PBXTargetDependency */,
			);
			name = EssentialFeedCacheIntegrationTests;
			productName = EssentialFeedCacheIntegrationTests;
			productReference = B83AA9772B20AF340067DD59 /* EssentialFeedCacheIntegrationTests.xctest */;
			productType = "com.apple.product-type.bundle.unit-test";
		};
		B842F34F2B4F448B00907F0C /* EssentialFeediOS */ = {
			isa = PBXNativeTarget;
			buildConfigurationList = B842F3612B4F448C00907F0C /* Build configuration list for PBXNativeTarget "EssentialFeediOS" */;
			buildPhases = (
				B842F34B2B4F448B00907F0C /* Headers */,
				B842F34C2B4F448B00907F0C /* Sources */,
				B842F34D2B4F448B00907F0C /* Frameworks */,
				B842F34E2B4F448B00907F0C /* Resources */,
			);
			buildRules = (
			);
			dependencies = (
				B89665882B5185360029ABBA /* PBXTargetDependency */,
			);
			name = EssentialFeediOS;
			productName = EssentialFeediOS;
			productReference = B842F3502B4F448B00907F0C /* EssentialFeediOS.framework */;
			productType = "com.apple.product-type.framework";
		};
		B842F3582B4F448B00907F0C /* EssentialFeediOSTests */ = {
			isa = PBXNativeTarget;
			buildConfigurationList = B842F3642B4F448C00907F0C /* Build configuration list for PBXNativeTarget "EssentialFeediOSTests" */;
			buildPhases = (
				B842F3552B4F448B00907F0C /* Sources */,
				B842F3562B4F448B00907F0C /* Frameworks */,
				B842F3572B4F448B00907F0C /* Resources */,
			);
			buildRules = (
			);
			dependencies = (
				B842F35C2B4F448C00907F0C /* PBXTargetDependency */,
			);
			name = EssentialFeediOSTests;
			productName = EssentialFeediOSTests;
			productReference = B842F3592B4F448B00907F0C /* EssentialFeediOSTests.xctest */;
			productType = "com.apple.product-type.bundle.unit-test";
		};
		B89CBA8A2AF55BBF003FA898 /* EssentialFeedMacos */ = {
			isa = PBXNativeTarget;
			buildConfigurationList = B89CBA9F2AF55BBF003FA898 /* Build configuration list for PBXNativeTarget "EssentialFeedMacos" */;
			buildPhases = (
				B89CBA862AF55BBF003FA898 /* Headers */,
				B89CBA872AF55BBF003FA898 /* Sources */,
				B89CBA882AF55BBF003FA898 /* Frameworks */,
				B89CBA892AF55BBF003FA898 /* Resources */,
			);
			buildRules = (
			);
			dependencies = (
			);
			name = EssentialFeedMacos;
			productName = EssentialFeedMacos;
			productReference = B89CBA8B2AF55BBF003FA898 /* EssentialFeedMacos.framework */;
			productType = "com.apple.product-type.framework";
		};
		B89CBA942AF55BBF003FA898 /* EssentialFeedMacosTests */ = {
			isa = PBXNativeTarget;
			buildConfigurationList = B89CBAA22AF55BBF003FA898 /* Build configuration list for PBXNativeTarget "EssentialFeedMacosTests" */;
			buildPhases = (
				B89CBA912AF55BBF003FA898 /* Sources */,
				B89CBA922AF55BBF003FA898 /* Frameworks */,
				B89CBA932AF55BBF003FA898 /* Resources */,
			);
			buildRules = (
			);
			dependencies = (
				B89CBA982AF55BBF003FA898 /* PBXTargetDependency */,
			);
			name = EssentialFeedMacosTests;
			productName = EssentialFeedMacosTests;
			productReference = B89CBA952AF55BBF003FA898 /* EssentialFeedMacosTests.xctest */;
			productType = "com.apple.product-type.bundle.unit-test";
		};
		B8DC4F802BF29CA1006A9A9D /* EssentialFeedAPI */ = {
			isa = PBXNativeTarget;
			buildConfigurationList = B8DC4F962BF29CA1006A9A9D /* Build configuration list for PBXNativeTarget "EssentialFeedAPI" */;
			buildPhases = (
				B8DC4F7C2BF29CA1006A9A9D /* Headers */,
				B8DC4F7D2BF29CA1006A9A9D /* Sources */,
				B8DC4F7E2BF29CA1006A9A9D /* Frameworks */,
				B8DC4F7F2BF29CA1006A9A9D /* Resources */,
			);
			buildRules = (
			);
			dependencies = (
				B8DC4F9B2BF29D13006A9A9D /* PBXTargetDependency */,
			);
			name = EssentialFeedAPI;
			productName = EssentialFeedAPI;
			productReference = B8DC4F812BF29CA1006A9A9D /* EssentialFeedAPI.framework */;
			productType = "com.apple.product-type.framework";
		};
		B8DC4F892BF29CA1006A9A9D /* EssentialFeedAPITests */ = {
			isa = PBXNativeTarget;
			buildConfigurationList = B8DC4F972BF29CA1006A9A9D /* Build configuration list for PBXNativeTarget "EssentialFeedAPITests" */;
			buildPhases = (
				B8DC4F862BF29CA1006A9A9D /* Sources */,
				B8DC4F872BF29CA1006A9A9D /* Frameworks */,
				B8DC4F882BF29CA1006A9A9D /* Resources */,
			);
			buildRules = (
			);
			dependencies = (
				B8DC4F8D2BF29CA1006A9A9D /* PBXTargetDependency */,
			);
			name = EssentialFeedAPITests;
			productName = EssentialFeedAPITests;
			productReference = B8DC4F8A2BF29CA1006A9A9D /* EssentialFeedAPITests.xctest */;
			productType = "com.apple.product-type.bundle.unit-test";
		};
		B8E308AD2AF65E840096291E /* EssentialFeedMacosAPIEndToEndTests */ = {
			isa = PBXNativeTarget;
			buildConfigurationList = B8E308B52AF65E840096291E /* Build configuration list for PBXNativeTarget "EssentialFeedMacosAPIEndToEndTests" */;
			buildPhases = (
				B8E308AA2AF65E840096291E /* Sources */,
				B8E308AB2AF65E840096291E /* Frameworks */,
				B8E308AC2AF65E840096291E /* Resources */,
			);
			buildRules = (
			);
			dependencies = (
				B8E308B42AF65E840096291E /* PBXTargetDependency */,
			);
			name = EssentialFeedMacosAPIEndToEndTests;
			productName = EssentialFeedMacosAPIEndToEndTests;
			productReference = B8E308AE2AF65E840096291E /* EssentialFeedMacosAPIEndToEndTests.xctest */;
			productType = "com.apple.product-type.bundle.unit-test";
		};
/* End PBXNativeTarget section */

/* Begin PBXProject section */
		B89CBA822AF55BBF003FA898 /* Project object */ = {
			isa = PBXProject;
			attributes = {
				BuildIndependentTargetsInParallel = 1;
				LastSwiftUpdateCheck = 1520;
				LastUpgradeCheck = 1500;
				TargetAttributes = {
					B83AA9762B20AF340067DD59 = {
						CreatedOnToolsVersion = 15.0;
					};
					B842F34F2B4F448B00907F0C = {
						CreatedOnToolsVersion = 15.0;
					};
					B842F3582B4F448B00907F0C = {
						CreatedOnToolsVersion = 15.0;
						LastSwiftMigration = 1500;
					};
					B89CBA8A2AF55BBF003FA898 = {
						CreatedOnToolsVersion = 15.0;
					};
					B89CBA942AF55BBF003FA898 = {
						CreatedOnToolsVersion = 15.0;
					};
					B8DC4F802BF29CA1006A9A9D = {
						CreatedOnToolsVersion = 15.2;
					};
					B8DC4F892BF29CA1006A9A9D = {
						CreatedOnToolsVersion = 15.2;
					};
					B8E308AD2AF65E840096291E = {
						CreatedOnToolsVersion = 15.0;
					};
				};
			};
			buildConfigurationList = B89CBA852AF55BBF003FA898 /* Build configuration list for PBXProject "EssentialFeedMacos" */;
			compatibilityVersion = "Xcode 14.0";
			developmentRegion = en;
			hasScannedForEncodings = 0;
			knownRegions = (
				en,
				Base,
				kaa,
			);
			mainGroup = B89CBA812AF55BBF003FA898;
			productRefGroup = B89CBA8C2AF55BBF003FA898 /* Products */;
			projectDirPath = "";
			projectRoot = "";
			targets = (
				B89CBA8A2AF55BBF003FA898 /* EssentialFeedMacos */,
				B89CBA942AF55BBF003FA898 /* EssentialFeedMacosTests */,
				B8E308AD2AF65E840096291E /* EssentialFeedMacosAPIEndToEndTests */,
				B83AA9762B20AF340067DD59 /* EssentialFeedCacheIntegrationTests */,
				B842F34F2B4F448B00907F0C /* EssentialFeediOS */,
				B842F3582B4F448B00907F0C /* EssentialFeediOSTests */,
				B8DC4F802BF29CA1006A9A9D /* EssentialFeedAPI */,
				B8DC4F892BF29CA1006A9A9D /* EssentialFeedAPITests */,
			);
		};
/* End PBXProject section */

/* Begin PBXResourcesBuildPhase section */
		B83AA9752B20AF340067DD59 /* Resources */ = {
			isa = PBXResourcesBuildPhase;
			buildActionMask = 2147483647;
			files = (
			);
			runOnlyForDeploymentPostprocessing = 0;
		};
		B842F34E2B4F448B00907F0C /* Resources */ = {
			isa = PBXResourcesBuildPhase;
			buildActionMask = 2147483647;
			files = (
				B866A99E2B74557300202C9F /* Feed.storyboard in Resources */,
				B866A9A02B74562800202C9F /* Feed.xcassets in Resources */,
			);
			runOnlyForDeploymentPostprocessing = 0;
		};
		B842F3572B4F448B00907F0C /* Resources */ = {
			isa = PBXResourcesBuildPhase;
			buildActionMask = 2147483647;
			files = (
			);
			runOnlyForDeploymentPostprocessing = 0;
		};
		B89CBA892AF55BBF003FA898 /* Resources */ = {
			isa = PBXResourcesBuildPhase;
			buildActionMask = 2147483647;
			files = (
				B87ED2402B7AA70F00EB5139 /* Feed.strings in Resources */,
			);
			runOnlyForDeploymentPostprocessing = 0;
		};
		B89CBA932AF55BBF003FA898 /* Resources */ = {
			isa = PBXResourcesBuildPhase;
			buildActionMask = 2147483647;
			files = (
			);
			runOnlyForDeploymentPostprocessing = 0;
		};
		B8DC4F7F2BF29CA1006A9A9D /* Resources */ = {
			isa = PBXResourcesBuildPhase;
			buildActionMask = 2147483647;
			files = (
			);
			runOnlyForDeploymentPostprocessing = 0;
		};
		B8DC4F882BF29CA1006A9A9D /* Resources */ = {
			isa = PBXResourcesBuildPhase;
			buildActionMask = 2147483647;
			files = (
			);
			runOnlyForDeploymentPostprocessing = 0;
		};
		B8E308AC2AF65E840096291E /* Resources */ = {
			isa = PBXResourcesBuildPhase;
			buildActionMask = 2147483647;
			files = (
			);
			runOnlyForDeploymentPostprocessing = 0;
		};
/* End PBXResourcesBuildPhase section */

/* Begin PBXSourcesBuildPhase section */
		B83AA9732B20AF340067DD59 /* Sources */ = {
			isa = PBXSourcesBuildPhase;
			buildActionMask = 2147483647;
			files = (
				B83AA9842B20B84C0067DD59 /* SharedTestHelpers.swift in Sources */,
				B83AA97A2B20AF340067DD59 /* EssentialFeedCacheIntegrationTests.swift in Sources */,
				B83AA9832B20B6DE0067DD59 /* FeedCacheTestHelpers.swift in Sources */,
				B83AA9822B20B3A40067DD59 /* XCTestCase+MemoryLeakTracking.swift in Sources */,
			);
			runOnlyForDeploymentPostprocessing = 0;
		};
		B842F34C2B4F448B00907F0C /* Sources */ = {
			isa = PBXSourcesBuildPhase;
			buildActionMask = 2147483647;
			files = (
				B866A9192B6A9F7100202C9F /* FeedImageViewController.swift in Sources */,
				B8DC4EA62BEE40CA006A9A9D /* UITableView+HeaderViewSizing.swift in Sources */,
				B842F3542B4F448B00907F0C /* EssentialFeediOS.docc in Sources */,
				B89665922B533D1B0029ABBA /* FeedImageCell.swift in Sources */,
				B87ED2422B7AAA1500EB5139 /* ErrorView.swift in Sources */,
				B866A9A42B746C0E00202C9F /* UIImageView+Animations.swift in Sources */,
				B89665942B5471CA0029ABBA /* UIView+Extension.swift in Sources */,
				B896658D2B51A24D0029ABBA /* FeedViewContoller.swift in Sources */,
				B866A9A22B746B0A00202C9F /* UITableView+Extension.swift in Sources */,
			);
			runOnlyForDeploymentPostprocessing = 0;
		};
		B842F3552B4F448B00907F0C /* Sources */ = {
			isa = PBXSourcesBuildPhase;
			buildActionMask = 2147483647;
			files = (
				B896658B2B5186AA0029ABBA /* XCTestCase+MemoryLeakTracking.swift in Sources */,
				B8DC4EA02BED8D79006A9A9D /* FeedSnapshotTests.swift in Sources */,
				B8DC4EA32BEE2DBD006A9A9D /* UIImage+TestHelpers.swift in Sources */,
			);
			runOnlyForDeploymentPostprocessing = 0;
		};
		B89CBA872AF55BBF003FA898 /* Sources */ = {
			isa = PBXSourcesBuildPhase;
			buildActionMask = 2147483647;
			files = (
				B83994482AFA730200979305 /* LocalFeedImage.swift in Sources */,
				B8F04C152B8A09E9009D5357 /* FeedImageDataStore.swift in Sources */,
				B8142C772B14E9C2008BB684 /* FeedStore.xcdatamodeld in Sources */,
				B83994442AFA539500979305 /* FeedStore.swift in Sources */,
				B8DC4E712BEA659F006A9A9D /* FeedImageDataCache.swift in Sources */,
				B89CBAB22AF55CD4003FA898 /* FeedLoader.swift in Sources */,
				B8FC48182B1D0C2A0092B308 /* CoreDataHelpers.swift in Sources */,
				B89CBAB02AF55CC9003FA898 /* FeedItem.swift in Sources */,
				B8142C712B14E172008BB684 /* CoreDataFeedStore.swift in Sources */,
				B8FC481B2B1D14240092B308 /* ManagedCache.swift in Sources */,
				B8FE37DF2BBC476B00C34D74 /* FeedCache.swift in Sources */,
				B8F351282B02616F00908E6B /* FeedCachePolicy.swift in Sources */,
				B8D3F42B2B8A293600043027 /* CoreDataFeedStore+FeedImageDataLoader.swift in Sources */,
				B89CBA902AF55BBF003FA898 /* EssentialFeedMacos.docc in Sources */,
				B8FEC6D42B86B1FB0028BA7F /* FeedImagePresenter.swift in Sources */,
				B87ED23F2B7AA6B800EB5139 /* FeedPresenter.swift in Sources */,
				B89FCFC92B33002500B2F0A7 /* CodableFeedStore.swift in Sources */,
				B8FC481D2B1D14490092B308 /* ManagedFeedImage.swift in Sources */,
				B8FEC6D62B86BD630028BA7F /* FeedImageDataLoader.swift in Sources */,
				B83994422AFA524600979305 /* LocalFeedLoader.swift in Sources */,
				B8F04C132B8A09CE009D5357 /* LocalFeedImageDataLoader.swift in Sources */,
				B8D3F42E2B8A313200043027 /* CoreDataFeedStore+FeedStore.swift in Sources */,
			);
			runOnlyForDeploymentPostprocessing = 0;
		};
		B89CBA912AF55BBF003FA898 /* Sources */ = {
			isa = PBXSourcesBuildPhase;
			buildActionMask = 2147483647;
			files = (
				B8D3F4282B8A121000043027 /* CoreDataFeedImageDataStoreTests.swift in Sources */,
				B8FEC6D02B86A6270028BA7F /* FeedImagePresenterTests.swift in Sources */,
				B8023C2B2B023B0300966469 /* SharedTestHelpers.swift in Sources */,
				B89FCFC72B32FFF400B2F0A7 /* CodableFeedStoreCacheTests.swift in Sources */,
				B87ED2432B7AAB3400EB5139 /* FeedLocalizationTests.swift in Sources */,
				B8142C6F2B14E0F2008BB684 /* CoreDataFeedStoreTests.swift in Sources */,
				B8D3F4242B8A0E1900043027 /* FeedImageDataStoreSpy.swift in Sources */,
				B8142C692B14DB5C008BB684 /* XCTestCase+FailableRetrieveFeedStoreSpecs.swift in Sources */,
				B89CBA9B2AF55BBF003FA898 /* EssentialFeedMacosTests.swift in Sources */,
				B8D3F4262B8A0EA400043027 /* CacheFeedImageDataUseCaseTests.swift in Sources */,
				B839943F2AF6C9A600979305 /* CacheFeedUseCaseTests.swift in Sources */,
				B8023C292B0239BD00966469 /* FeedCacheTestHelpers.swift in Sources */,
				B8F04C112B8A0420009D5357 /* LoadFeedImageDataFromCacheUseCaseTests.swift in Sources */,
				B8023C272B0231E800966469 /* ValidateFeedCacheUseCaseTests.swift in Sources */,
				B8142C672B14DA43008BB684 /* FeedStoreSpecs.swift in Sources */,
				B839944D2AFAA9D300979305 /* FeedStoreSpy.swift in Sources */,
				B839944A2AFAA84F00979305 /* LoadFeedFromCacheUseCaseTests.swift in Sources */,
				B8142C6D2B14DD9A008BB684 /* XCTestCase+FailableDeleteFeedStoreSpecs.swift in Sources */,
				B89CBABC2AF55D89003FA898 /* XCTestCase+MemoryLeakTracking.swift in Sources */,
				B8142C642B14D0F4008BB684 /* XCTestCase+FeedStoreSpecs.swift in Sources */,
				B83FE9032B7689D7008CD953 /* FeedPresenterTests.swift in Sources */,
				B8142C6B2B14DC5E008BB684 /* XCTestCase+FailableInsertFeedStoreSpecs.swift in Sources */,
			);
			runOnlyForDeploymentPostprocessing = 0;
		};
		B8DC4F7D2BF29CA1006A9A9D /* Sources */ = {
			isa = PBXSourcesBuildPhase;
			buildActionMask = 2147483647;
			files = (
				B8DC4F9E2BF29D46006A9A9D /* FeedItemMapper.swift in Sources */,
				B8DC4F9D2BF29D46006A9A9D /* RemoteFeedImageDataLoader.swift in Sources */,
				B8DC4FA12BF29D46006A9A9D /* RemoteFeedItem.swift in Sources */,
				B8DC4F852BF29CA1006A9A9D /* EssentialFeedAPI.docc in Sources */,
				B8DC4FA02BF29D46006A9A9D /* RemoteFeedLoader.swift in Sources */,
				B8DC4F9F2BF29D46006A9A9D /* URLSessionHTTPClient.swift in Sources */,
				B8DC4FA22BF29D46006A9A9D /* HTTPClientResult.swift in Sources */,
			);
			runOnlyForDeploymentPostprocessing = 0;
		};
		B8DC4F862BF29CA1006A9A9D /* Sources */ = {
			isa = PBXSourcesBuildPhase;
			buildActionMask = 2147483647;
			files = (
				B8DC4F902BF29CA1006A9A9D /* EssentialFeedAPITests.swift in Sources */,
				B8DC4FAE2BF29F86006A9A9D /* HTTPClientSpy.swift in Sources */,
				B8DC4FAD2BF29F86006A9A9D /* URLProtocolStub.swift in Sources */,
				B8DC4FA32BF29DAB006A9A9D /* LoadFeedImageDataFromRemoteUseCaseTests.swift in Sources */,
				B8DC4FA82BF29EE5006A9A9D /* SharedTestHelpers.swift in Sources */,
				B8DC4FA42BF29DAB006A9A9D /* RemoteFeedLoaderTests.swift in Sources */,
				B8DC4FA52BF29DAB006A9A9D /* URLSessionHTTPClientTests.swift in Sources */,
				B8DC4FAA2BF29F09006A9A9D /* XCTestCase+MemoryLeakTracking.swift in Sources */,
			);
			runOnlyForDeploymentPostprocessing = 0;
		};
		B8E308AA2AF65E840096291E /* Sources */ = {
			isa = PBXSourcesBuildPhase;
			buildActionMask = 2147483647;
			files = (
				B8E308B12AF65E840096291E /* EssentialFeedMacosAPIEndToEndTests.swift in Sources */,
				B8E308B82AF65E980096291E /* XCTestCase+MemoryLeakTracking.swift in Sources */,
			);
			runOnlyForDeploymentPostprocessing = 0;
		};
/* End PBXSourcesBuildPhase section */

/* Begin PBXTargetDependency section */
		B83AA97D2B20AF340067DD59 /* PBXTargetDependency */ = {
			isa = PBXTargetDependency;
			target = B89CBA8A2AF55BBF003FA898 /* EssentialFeedMacos */;
			targetProxy = B83AA97C2B20AF340067DD59 /* PBXContainerItemProxy */;
		};
		B842F35C2B4F448C00907F0C /* PBXTargetDependency */ = {
			isa = PBXTargetDependency;
			target = B842F34F2B4F448B00907F0C /* EssentialFeediOS */;
			targetProxy = B842F35B2B4F448C00907F0C /* PBXContainerItemProxy */;
		};
		B89665882B5185360029ABBA /* PBXTargetDependency */ = {
			isa = PBXTargetDependency;
			platformFilter = ios;
			target = B89CBA8A2AF55BBF003FA898 /* EssentialFeedMacos */;
			targetProxy = B89665872B5185360029ABBA /* PBXContainerItemProxy */;
		};
		B89CBA982AF55BBF003FA898 /* PBXTargetDependency */ = {
			isa = PBXTargetDependency;
			target = B89CBA8A2AF55BBF003FA898 /* EssentialFeedMacos */;
			targetProxy = B89CBA972AF55BBF003FA898 /* PBXContainerItemProxy */;
		};
		B8DC4F8D2BF29CA1006A9A9D /* PBXTargetDependency */ = {
			isa = PBXTargetDependency;
			target = B8DC4F802BF29CA1006A9A9D /* EssentialFeedAPI */;
			targetProxy = B8DC4F8C2BF29CA1006A9A9D /* PBXContainerItemProxy */;
		};
		B8DC4F9B2BF29D13006A9A9D /* PBXTargetDependency */ = {
			isa = PBXTargetDependency;
			target = B89CBA8A2AF55BBF003FA898 /* EssentialFeedMacos */;
			targetProxy = B8DC4F9A2BF29D13006A9A9D /* PBXContainerItemProxy */;
		};
		B8E308B42AF65E840096291E /* PBXTargetDependency */ = {
			isa = PBXTargetDependency;
			target = B89CBA8A2AF55BBF003FA898 /* EssentialFeedMacos */;
			targetProxy = B8E308B32AF65E840096291E /* PBXContainerItemProxy */;
		};
/* End PBXTargetDependency section */

/* Begin PBXVariantGroup section */
		B87ED23B2B7AA40100EB5139 /* Feed.strings */ = {
			isa = PBXVariantGroup;
			children = (
				B87ED23A2B7AA40100EB5139 /* en */,
				B87ED23C2B7AA40200EB5139 /* kaa */,
			);
			name = Feed.strings;
			sourceTree = "<group>";
		};
/* End PBXVariantGroup section */

/* Begin XCBuildConfiguration section */
		B83AA97E2B20AF340067DD59 /* Debug */ = {
			isa = XCBuildConfiguration;
			buildSettings = {
				CODE_SIGN_STYLE = Automatic;
				CURRENT_PROJECT_VERSION = 1;
				DEVELOPMENT_TEAM = B9QUW9Z84N;
				GENERATE_INFOPLIST_FILE = YES;
				MARKETING_VERSION = 1.0;
				PRODUCT_BUNDLE_IDENTIFIER = TexnoPos.EssentialFeedCacheIntegrationTests;
				PRODUCT_NAME = "$(TARGET_NAME)";
				SUPPORTED_PLATFORMS = "macosx iphoneos iphonesimulator";
				SWIFT_EMIT_LOC_STRINGS = NO;
				SWIFT_VERSION = 5.0;
			};
			name = Debug;
		};
		B83AA97F2B20AF340067DD59 /* Release */ = {
			isa = XCBuildConfiguration;
			buildSettings = {
				CODE_SIGN_STYLE = Automatic;
				CURRENT_PROJECT_VERSION = 1;
				DEVELOPMENT_TEAM = B9QUW9Z84N;
				GENERATE_INFOPLIST_FILE = YES;
				MARKETING_VERSION = 1.0;
				PRODUCT_BUNDLE_IDENTIFIER = TexnoPos.EssentialFeedCacheIntegrationTests;
				PRODUCT_NAME = "$(TARGET_NAME)";
				SUPPORTED_PLATFORMS = "macosx iphoneos iphonesimulator";
				SWIFT_EMIT_LOC_STRINGS = NO;
				SWIFT_VERSION = 5.0;
			};
			name = Release;
		};
		B842F3622B4F448C00907F0C /* Debug */ = {
			isa = XCBuildConfiguration;
			buildSettings = {
				CODE_SIGN_STYLE = Automatic;
				CURRENT_PROJECT_VERSION = 1;
				DEFINES_MODULE = NO;
				DEVELOPMENT_TEAM = B9QUW9Z84N;
				DYLIB_COMPATIBILITY_VERSION = 1;
				DYLIB_CURRENT_VERSION = 1;
				DYLIB_INSTALL_NAME_BASE = "@rpath";
				ENABLE_MODULE_VERIFIER = YES;
				GENERATE_INFOPLIST_FILE = YES;
				INFOPLIST_KEY_NSHumanReadableCopyright = "";
				INSTALL_PATH = "$(LOCAL_LIBRARY_DIR)/Frameworks";
				IPHONEOS_DEPLOYMENT_TARGET = 17.0;
				LD_RUNPATH_SEARCH_PATHS = (
					"$(inherited)",
					"@executable_path/Frameworks",
					"@loader_path/Frameworks",
				);
				MARKETING_VERSION = 1.0;
				MODULE_VERIFIER_SUPPORTED_LANGUAGES = "objective-c objective-c++";
				MODULE_VERIFIER_SUPPORTED_LANGUAGE_STANDARDS = "gnu17 gnu++20";
				PRODUCT_BUNDLE_IDENTIFIER = TexnoPos.EssentialFeediOS;
				PRODUCT_NAME = "$(TARGET_NAME:c99extidentifier)";
				SDKROOT = iphoneos;
				SKIP_INSTALL = YES;
				SWIFT_EMIT_LOC_STRINGS = YES;
				SWIFT_VERSION = 5.0;
				TARGETED_DEVICE_FAMILY = "1,2";
			};
			name = Debug;
		};
		B842F3632B4F448C00907F0C /* Release */ = {
			isa = XCBuildConfiguration;
			buildSettings = {
				CODE_SIGN_STYLE = Automatic;
				CURRENT_PROJECT_VERSION = 1;
				DEFINES_MODULE = NO;
				DEVELOPMENT_TEAM = B9QUW9Z84N;
				DYLIB_COMPATIBILITY_VERSION = 1;
				DYLIB_CURRENT_VERSION = 1;
				DYLIB_INSTALL_NAME_BASE = "@rpath";
				ENABLE_MODULE_VERIFIER = YES;
				GENERATE_INFOPLIST_FILE = YES;
				INFOPLIST_KEY_NSHumanReadableCopyright = "";
				INSTALL_PATH = "$(LOCAL_LIBRARY_DIR)/Frameworks";
				IPHONEOS_DEPLOYMENT_TARGET = 17.0;
				LD_RUNPATH_SEARCH_PATHS = (
					"$(inherited)",
					"@executable_path/Frameworks",
					"@loader_path/Frameworks",
				);
				MARKETING_VERSION = 1.0;
				MODULE_VERIFIER_SUPPORTED_LANGUAGES = "objective-c objective-c++";
				MODULE_VERIFIER_SUPPORTED_LANGUAGE_STANDARDS = "gnu17 gnu++20";
				PRODUCT_BUNDLE_IDENTIFIER = TexnoPos.EssentialFeediOS;
				PRODUCT_NAME = "$(TARGET_NAME:c99extidentifier)";
				SDKROOT = iphoneos;
				SKIP_INSTALL = YES;
				SWIFT_EMIT_LOC_STRINGS = YES;
				SWIFT_VERSION = 5.0;
				TARGETED_DEVICE_FAMILY = "1,2";
				VALIDATE_PRODUCT = YES;
			};
			name = Release;
		};
		B842F3652B4F448C00907F0C /* Debug */ = {
			isa = XCBuildConfiguration;
			buildSettings = {
				ALWAYS_EMBED_SWIFT_STANDARD_LIBRARIES = YES;
				CLANG_ENABLE_MODULES = YES;
				CODE_SIGN_STYLE = Automatic;
				CURRENT_PROJECT_VERSION = 1;
				DEVELOPMENT_TEAM = B9QUW9Z84N;
				GENERATE_INFOPLIST_FILE = YES;
				IPHONEOS_DEPLOYMENT_TARGET = 17.0;
				MARKETING_VERSION = 1.0;
				PRODUCT_BUNDLE_IDENTIFIER = TexnoPos.EssentialFeediOSTests;
				PRODUCT_NAME = "$(TARGET_NAME)";
				SDKROOT = iphoneos;
				SWIFT_EMIT_LOC_STRINGS = NO;
				SWIFT_OPTIMIZATION_LEVEL = "-Onone";
				SWIFT_VERSION = 5.0;
				TARGETED_DEVICE_FAMILY = "1,2";
			};
			name = Debug;
		};
		B842F3662B4F448C00907F0C /* Release */ = {
			isa = XCBuildConfiguration;
			buildSettings = {
				ALWAYS_EMBED_SWIFT_STANDARD_LIBRARIES = YES;
				CLANG_ENABLE_MODULES = YES;
				CODE_SIGN_STYLE = Automatic;
				CURRENT_PROJECT_VERSION = 1;
				DEVELOPMENT_TEAM = B9QUW9Z84N;
				GENERATE_INFOPLIST_FILE = YES;
				IPHONEOS_DEPLOYMENT_TARGET = 17.0;
				MARKETING_VERSION = 1.0;
				PRODUCT_BUNDLE_IDENTIFIER = TexnoPos.EssentialFeediOSTests;
				PRODUCT_NAME = "$(TARGET_NAME)";
				SDKROOT = iphoneos;
				SWIFT_EMIT_LOC_STRINGS = NO;
				SWIFT_VERSION = 5.0;
				TARGETED_DEVICE_FAMILY = "1,2";
				VALIDATE_PRODUCT = YES;
			};
			name = Release;
		};
		B89CBA9D2AF55BBF003FA898 /* Debug */ = {
			isa = XCBuildConfiguration;
			buildSettings = {
				ALWAYS_SEARCH_USER_PATHS = NO;
				ASSETCATALOG_COMPILER_GENERATE_SWIFT_ASSET_SYMBOL_EXTENSIONS = YES;
				CLANG_ANALYZER_LOCALIZABILITY_NONLOCALIZED = YES;
				CLANG_ANALYZER_NONNULL = YES;
				CLANG_ANALYZER_NUMBER_OBJECT_CONVERSION = YES_AGGRESSIVE;
				CLANG_CXX_LANGUAGE_STANDARD = "gnu++20";
				CLANG_ENABLE_MODULES = YES;
				CLANG_ENABLE_OBJC_ARC = YES;
				CLANG_ENABLE_OBJC_WEAK = YES;
				CLANG_WARN_BLOCK_CAPTURE_AUTORELEASING = YES;
				CLANG_WARN_BOOL_CONVERSION = YES;
				CLANG_WARN_COMMA = YES;
				CLANG_WARN_CONSTANT_CONVERSION = YES;
				CLANG_WARN_DEPRECATED_OBJC_IMPLEMENTATIONS = YES;
				CLANG_WARN_DIRECT_OBJC_ISA_USAGE = YES_ERROR;
				CLANG_WARN_DOCUMENTATION_COMMENTS = YES;
				CLANG_WARN_EMPTY_BODY = YES;
				CLANG_WARN_ENUM_CONVERSION = YES;
				CLANG_WARN_INFINITE_RECURSION = YES;
				CLANG_WARN_INT_CONVERSION = YES;
				CLANG_WARN_NON_LITERAL_NULL_CONVERSION = YES;
				CLANG_WARN_OBJC_IMPLICIT_RETAIN_SELF = YES;
				CLANG_WARN_OBJC_LITERAL_CONVERSION = YES;
				CLANG_WARN_OBJC_ROOT_CLASS = YES_ERROR;
				CLANG_WARN_QUOTED_INCLUDE_IN_FRAMEWORK_HEADER = YES;
				CLANG_WARN_RANGE_LOOP_ANALYSIS = YES;
				CLANG_WARN_STRICT_PROTOTYPES = YES;
				CLANG_WARN_SUSPICIOUS_MOVE = YES;
				CLANG_WARN_UNGUARDED_AVAILABILITY = YES_AGGRESSIVE;
				CLANG_WARN_UNREACHABLE_CODE = YES;
				CLANG_WARN__DUPLICATE_METHOD_MATCH = YES;
				COPY_PHASE_STRIP = NO;
				CURRENT_PROJECT_VERSION = 1;
				DEBUG_INFORMATION_FORMAT = dwarf;
				ENABLE_STRICT_OBJC_MSGSEND = YES;
				ENABLE_TESTABILITY = YES;
				ENABLE_USER_SCRIPT_SANDBOXING = YES;
				GCC_C_LANGUAGE_STANDARD = gnu17;
				GCC_DYNAMIC_NO_PIC = NO;
				GCC_NO_COMMON_BLOCKS = YES;
				GCC_OPTIMIZATION_LEVEL = 0;
				GCC_PREPROCESSOR_DEFINITIONS = (
					"DEBUG=1",
					"$(inherited)",
				);
				GCC_WARN_64_TO_32_BIT_CONVERSION = YES;
				GCC_WARN_ABOUT_RETURN_TYPE = YES_ERROR;
				GCC_WARN_UNDECLARED_SELECTOR = YES;
				GCC_WARN_UNINITIALIZED_AUTOS = YES_AGGRESSIVE;
				GCC_WARN_UNUSED_FUNCTION = YES;
				GCC_WARN_UNUSED_VARIABLE = YES;
				IPHONEOS_DEPLOYMENT_TARGET = 17.0;
				LOCALIZATION_PREFERS_STRING_CATALOGS = YES;
				MACOSX_DEPLOYMENT_TARGET = 14.0;
				MTL_ENABLE_DEBUG_INFO = INCLUDE_SOURCE;
				MTL_FAST_MATH = YES;
				ONLY_ACTIVE_ARCH = YES;
				SDKROOT = macosx;
				SWIFT_ACTIVE_COMPILATION_CONDITIONS = "DEBUG $(inherited)";
				SWIFT_OPTIMIZATION_LEVEL = "-Onone";
				VERSIONING_SYSTEM = "apple-generic";
				VERSION_INFO_PREFIX = "";
			};
			name = Debug;
		};
		B89CBA9E2AF55BBF003FA898 /* Release */ = {
			isa = XCBuildConfiguration;
			buildSettings = {
				ALWAYS_SEARCH_USER_PATHS = NO;
				ASSETCATALOG_COMPILER_GENERATE_SWIFT_ASSET_SYMBOL_EXTENSIONS = YES;
				CLANG_ANALYZER_LOCALIZABILITY_NONLOCALIZED = YES;
				CLANG_ANALYZER_NONNULL = YES;
				CLANG_ANALYZER_NUMBER_OBJECT_CONVERSION = YES_AGGRESSIVE;
				CLANG_CXX_LANGUAGE_STANDARD = "gnu++20";
				CLANG_ENABLE_MODULES = YES;
				CLANG_ENABLE_OBJC_ARC = YES;
				CLANG_ENABLE_OBJC_WEAK = YES;
				CLANG_WARN_BLOCK_CAPTURE_AUTORELEASING = YES;
				CLANG_WARN_BOOL_CONVERSION = YES;
				CLANG_WARN_COMMA = YES;
				CLANG_WARN_CONSTANT_CONVERSION = YES;
				CLANG_WARN_DEPRECATED_OBJC_IMPLEMENTATIONS = YES;
				CLANG_WARN_DIRECT_OBJC_ISA_USAGE = YES_ERROR;
				CLANG_WARN_DOCUMENTATION_COMMENTS = YES;
				CLANG_WARN_EMPTY_BODY = YES;
				CLANG_WARN_ENUM_CONVERSION = YES;
				CLANG_WARN_INFINITE_RECURSION = YES;
				CLANG_WARN_INT_CONVERSION = YES;
				CLANG_WARN_NON_LITERAL_NULL_CONVERSION = YES;
				CLANG_WARN_OBJC_IMPLICIT_RETAIN_SELF = YES;
				CLANG_WARN_OBJC_LITERAL_CONVERSION = YES;
				CLANG_WARN_OBJC_ROOT_CLASS = YES_ERROR;
				CLANG_WARN_QUOTED_INCLUDE_IN_FRAMEWORK_HEADER = YES;
				CLANG_WARN_RANGE_LOOP_ANALYSIS = YES;
				CLANG_WARN_STRICT_PROTOTYPES = YES;
				CLANG_WARN_SUSPICIOUS_MOVE = YES;
				CLANG_WARN_UNGUARDED_AVAILABILITY = YES_AGGRESSIVE;
				CLANG_WARN_UNREACHABLE_CODE = YES;
				CLANG_WARN__DUPLICATE_METHOD_MATCH = YES;
				COPY_PHASE_STRIP = NO;
				CURRENT_PROJECT_VERSION = 1;
				DEBUG_INFORMATION_FORMAT = "dwarf-with-dsym";
				ENABLE_NS_ASSERTIONS = NO;
				ENABLE_STRICT_OBJC_MSGSEND = YES;
				ENABLE_USER_SCRIPT_SANDBOXING = YES;
				GCC_C_LANGUAGE_STANDARD = gnu17;
				GCC_NO_COMMON_BLOCKS = YES;
				GCC_WARN_64_TO_32_BIT_CONVERSION = YES;
				GCC_WARN_ABOUT_RETURN_TYPE = YES_ERROR;
				GCC_WARN_UNDECLARED_SELECTOR = YES;
				GCC_WARN_UNINITIALIZED_AUTOS = YES_AGGRESSIVE;
				GCC_WARN_UNUSED_FUNCTION = YES;
				GCC_WARN_UNUSED_VARIABLE = YES;
				IPHONEOS_DEPLOYMENT_TARGET = 17.0;
				LOCALIZATION_PREFERS_STRING_CATALOGS = YES;
				MACOSX_DEPLOYMENT_TARGET = 14.0;
				MTL_ENABLE_DEBUG_INFO = NO;
				MTL_FAST_MATH = YES;
				SDKROOT = macosx;
				SWIFT_COMPILATION_MODE = wholemodule;
				VERSIONING_SYSTEM = "apple-generic";
				VERSION_INFO_PREFIX = "";
			};
			name = Release;
		};
		B89CBAA02AF55BBF003FA898 /* Debug */ = {
			isa = XCBuildConfiguration;
			buildSettings = {
				CODE_SIGN_STYLE = Automatic;
				COMBINE_HIDPI_IMAGES = YES;
				CURRENT_PROJECT_VERSION = 1;
				DEFINES_MODULE = YES;
				DEVELOPMENT_TEAM = HW395M775M;
				DYLIB_COMPATIBILITY_VERSION = 1;
				DYLIB_CURRENT_VERSION = 1;
				DYLIB_INSTALL_NAME_BASE = "@rpath";
				ENABLE_MODULE_VERIFIER = YES;
				GENERATE_INFOPLIST_FILE = YES;
				INFOPLIST_KEY_NSHumanReadableCopyright = "";
				INSTALL_PATH = "$(LOCAL_LIBRARY_DIR)/Frameworks";
				LD_RUNPATH_SEARCH_PATHS = (
					"$(inherited)",
					"@executable_path/../Frameworks",
					"@loader_path/Frameworks",
				);
				MARKETING_VERSION = 1.0;
				MODULE_VERIFIER_SUPPORTED_LANGUAGES = "objective-c objective-c++";
				MODULE_VERIFIER_SUPPORTED_LANGUAGE_STANDARDS = "gnu17 gnu++20";
				PRODUCT_BUNDLE_IDENTIFIER = TexnoPos.EssentialFeedMacOS;
				PRODUCT_NAME = "$(TARGET_NAME:c99extidentifier)";
				SKIP_INSTALL = YES;
				SUPPORTED_PLATFORMS = "macosx iphoneos iphonesimulator";
				SWIFT_EMIT_LOC_STRINGS = YES;
				SWIFT_VERSION = 5.0;
			};
			name = Debug;
		};
		B89CBAA12AF55BBF003FA898 /* Release */ = {
			isa = XCBuildConfiguration;
			buildSettings = {
				CODE_SIGN_STYLE = Automatic;
				COMBINE_HIDPI_IMAGES = YES;
				CURRENT_PROJECT_VERSION = 1;
				DEFINES_MODULE = YES;
				DEVELOPMENT_TEAM = HW395M775M;
				DYLIB_COMPATIBILITY_VERSION = 1;
				DYLIB_CURRENT_VERSION = 1;
				DYLIB_INSTALL_NAME_BASE = "@rpath";
				ENABLE_MODULE_VERIFIER = YES;
				GENERATE_INFOPLIST_FILE = YES;
				INFOPLIST_KEY_NSHumanReadableCopyright = "";
				INSTALL_PATH = "$(LOCAL_LIBRARY_DIR)/Frameworks";
				LD_RUNPATH_SEARCH_PATHS = (
					"$(inherited)",
					"@executable_path/../Frameworks",
					"@loader_path/Frameworks",
				);
				MARKETING_VERSION = 1.0;
				MODULE_VERIFIER_SUPPORTED_LANGUAGES = "objective-c objective-c++";
				MODULE_VERIFIER_SUPPORTED_LANGUAGE_STANDARDS = "gnu17 gnu++20";
				PRODUCT_BUNDLE_IDENTIFIER = TexnoPos.EssentialFeedMacOS;
				PRODUCT_NAME = "$(TARGET_NAME:c99extidentifier)";
				SKIP_INSTALL = YES;
				SUPPORTED_PLATFORMS = "macosx iphoneos iphonesimulator";
				SWIFT_EMIT_LOC_STRINGS = YES;
				SWIFT_VERSION = 5.0;
			};
			name = Release;
		};
		B89CBAA32AF55BBF003FA898 /* Debug */ = {
			isa = XCBuildConfiguration;
			buildSettings = {
				ALWAYS_EMBED_SWIFT_STANDARD_LIBRARIES = YES;
				CODE_SIGN_STYLE = Automatic;
				CURRENT_PROJECT_VERSION = 1;
				DEVELOPMENT_TEAM = B9QUW9Z84N;
				GENERATE_INFOPLIST_FILE = YES;
				MARKETING_VERSION = 1.0;
				PRODUCT_BUNDLE_IDENTIFIER = TexnoPos.EssentialFeedMacosTests;
				PRODUCT_NAME = "$(TARGET_NAME)";
				SUPPORTED_PLATFORMS = "macosx iphonesimulator iphoneos";
				SWIFT_EMIT_LOC_STRINGS = NO;
				SWIFT_VERSION = 5.0;
			};
			name = Debug;
		};
		B89CBAA42AF55BBF003FA898 /* Release */ = {
			isa = XCBuildConfiguration;
			buildSettings = {
				ALWAYS_EMBED_SWIFT_STANDARD_LIBRARIES = YES;
				CODE_SIGN_STYLE = Automatic;
				CURRENT_PROJECT_VERSION = 1;
				DEVELOPMENT_TEAM = B9QUW9Z84N;
				GENERATE_INFOPLIST_FILE = YES;
				MARKETING_VERSION = 1.0;
				PRODUCT_BUNDLE_IDENTIFIER = TexnoPos.EssentialFeedMacosTests;
				PRODUCT_NAME = "$(TARGET_NAME)";
				SUPPORTED_PLATFORMS = "macosx iphonesimulator iphoneos";
				SWIFT_EMIT_LOC_STRINGS = NO;
				SWIFT_VERSION = 5.0;
			};
			name = Release;
		};
		B8DC4F922BF29CA1006A9A9D /* Debug */ = {
			isa = XCBuildConfiguration;
			buildSettings = {
				CODE_SIGN_STYLE = Automatic;
				COMBINE_HIDPI_IMAGES = YES;
				CURRENT_PROJECT_VERSION = 1;
				DEFINES_MODULE = YES;
				DEVELOPMENT_TEAM = HW395M775M;
				DYLIB_COMPATIBILITY_VERSION = 1;
				DYLIB_CURRENT_VERSION = 1;
				DYLIB_INSTALL_NAME_BASE = "@rpath";
				ENABLE_MODULE_VERIFIER = YES;
				GENERATE_INFOPLIST_FILE = YES;
				INFOPLIST_KEY_NSHumanReadableCopyright = "";
				INSTALL_PATH = "$(LOCAL_LIBRARY_DIR)/Frameworks";
				LD_RUNPATH_SEARCH_PATHS = (
					"$(inherited)",
					"@executable_path/../Frameworks",
					"@loader_path/Frameworks",
				);
				MARKETING_VERSION = 1.0;
				MODULE_VERIFIER_SUPPORTED_LANGUAGES = "objective-c objective-c++";
				MODULE_VERIFIER_SUPPORTED_LANGUAGE_STANDARDS = "gnu17 gnu++20";
				PRODUCT_BUNDLE_IDENTIFIER = TexnoPos.EssentialFeedAPI;
				PRODUCT_NAME = "$(TARGET_NAME:c99extidentifier)";
				SKIP_INSTALL = YES;
				SUPPORTED_PLATFORMS = "macosx iphoneos iphonesimulator";
				SWIFT_EMIT_LOC_STRINGS = YES;
				SWIFT_VERSION = 5.0;
			};
			name = Debug;
		};
		B8DC4F932BF29CA1006A9A9D /* Release */ = {
			isa = XCBuildConfiguration;
			buildSettings = {
				CODE_SIGN_STYLE = Automatic;
				COMBINE_HIDPI_IMAGES = YES;
				CURRENT_PROJECT_VERSION = 1;
				DEFINES_MODULE = YES;
				DEVELOPMENT_TEAM = HW395M775M;
				DYLIB_COMPATIBILITY_VERSION = 1;
				DYLIB_CURRENT_VERSION = 1;
				DYLIB_INSTALL_NAME_BASE = "@rpath";
				ENABLE_MODULE_VERIFIER = YES;
				GENERATE_INFOPLIST_FILE = YES;
				INFOPLIST_KEY_NSHumanReadableCopyright = "";
				INSTALL_PATH = "$(LOCAL_LIBRARY_DIR)/Frameworks";
				LD_RUNPATH_SEARCH_PATHS = (
					"$(inherited)",
					"@executable_path/../Frameworks",
					"@loader_path/Frameworks",
				);
				MARKETING_VERSION = 1.0;
				MODULE_VERIFIER_SUPPORTED_LANGUAGES = "objective-c objective-c++";
				MODULE_VERIFIER_SUPPORTED_LANGUAGE_STANDARDS = "gnu17 gnu++20";
				PRODUCT_BUNDLE_IDENTIFIER = TexnoPos.EssentialFeedAPI;
				PRODUCT_NAME = "$(TARGET_NAME:c99extidentifier)";
				SKIP_INSTALL = YES;
				SUPPORTED_PLATFORMS = "macosx iphoneos iphonesimulator";
				SWIFT_EMIT_LOC_STRINGS = YES;
				SWIFT_VERSION = 5.0;
			};
			name = Release;
		};
		B8DC4F942BF29CA1006A9A9D /* Debug */ = {
			isa = XCBuildConfiguration;
			buildSettings = {
				ALWAYS_EMBED_SWIFT_STANDARD_LIBRARIES = YES;
				CODE_SIGN_STYLE = Automatic;
				CURRENT_PROJECT_VERSION = 1;
				DEVELOPMENT_TEAM = B9QUW9Z84N;
				GENERATE_INFOPLIST_FILE = YES;
				MARKETING_VERSION = 1.0;
				PRODUCT_BUNDLE_IDENTIFIER = TexnoPos.EssentialFeedAPITests;
				PRODUCT_NAME = "$(TARGET_NAME)";
				SWIFT_EMIT_LOC_STRINGS = NO;
				SWIFT_VERSION = 5.0;
			};
			name = Debug;
		};
		B8DC4F952BF29CA1006A9A9D /* Release */ = {
			isa = XCBuildConfiguration;
			buildSettings = {
				ALWAYS_EMBED_SWIFT_STANDARD_LIBRARIES = YES;
				CODE_SIGN_STYLE = Automatic;
				CURRENT_PROJECT_VERSION = 1;
				DEVELOPMENT_TEAM = B9QUW9Z84N;
				GENERATE_INFOPLIST_FILE = YES;
				MARKETING_VERSION = 1.0;
				PRODUCT_BUNDLE_IDENTIFIER = TexnoPos.EssentialFeedAPITests;
				PRODUCT_NAME = "$(TARGET_NAME)";
				SWIFT_EMIT_LOC_STRINGS = NO;
				SWIFT_VERSION = 5.0;
			};
			name = Release;
		};
		B8E308B62AF65E840096291E /* Debug */ = {
			isa = XCBuildConfiguration;
			buildSettings = {
				CODE_SIGN_STYLE = Automatic;
				CURRENT_PROJECT_VERSION = 1;
				DEVELOPMENT_TEAM = B9QUW9Z84N;
				GENERATE_INFOPLIST_FILE = YES;
				MARKETING_VERSION = 1.0;
				PRODUCT_BUNDLE_IDENTIFIER = TexnoPos.EssentialFeedMacosAPIEndToEndTests;
				PRODUCT_NAME = "$(TARGET_NAME)";
				SUPPORTED_PLATFORMS = "macosx iphoneos iphonesimulator";
				SWIFT_EMIT_LOC_STRINGS = NO;
				SWIFT_VERSION = 5.0;
			};
			name = Debug;
		};
		B8E308B72AF65E840096291E /* Release */ = {
			isa = XCBuildConfiguration;
			buildSettings = {
				CODE_SIGN_STYLE = Automatic;
				CURRENT_PROJECT_VERSION = 1;
				DEVELOPMENT_TEAM = B9QUW9Z84N;
				GENERATE_INFOPLIST_FILE = YES;
				MARKETING_VERSION = 1.0;
				PRODUCT_BUNDLE_IDENTIFIER = TexnoPos.EssentialFeedMacosAPIEndToEndTests;
				PRODUCT_NAME = "$(TARGET_NAME)";
				SUPPORTED_PLATFORMS = "macosx iphoneos iphonesimulator";
				SWIFT_EMIT_LOC_STRINGS = NO;
				SWIFT_VERSION = 5.0;
			};
			name = Release;
		};
/* End XCBuildConfiguration section */

/* Begin XCConfigurationList section */
		B83AA9802B20AF340067DD59 /* Build configuration list for PBXNativeTarget "EssentialFeedCacheIntegrationTests" */ = {
			isa = XCConfigurationList;
			buildConfigurations = (
				B83AA97E2B20AF340067DD59 /* Debug */,
				B83AA97F2B20AF340067DD59 /* Release */,
			);
			defaultConfigurationIsVisible = 0;
			defaultConfigurationName = Release;
		};
		B842F3612B4F448C00907F0C /* Build configuration list for PBXNativeTarget "EssentialFeediOS" */ = {
			isa = XCConfigurationList;
			buildConfigurations = (
				B842F3622B4F448C00907F0C /* Debug */,
				B842F3632B4F448C00907F0C /* Release */,
			);
			defaultConfigurationIsVisible = 0;
			defaultConfigurationName = Release;
		};
		B842F3642B4F448C00907F0C /* Build configuration list for PBXNativeTarget "EssentialFeediOSTests" */ = {
			isa = XCConfigurationList;
			buildConfigurations = (
				B842F3652B4F448C00907F0C /* Debug */,
				B842F3662B4F448C00907F0C /* Release */,
			);
			defaultConfigurationIsVisible = 0;
			defaultConfigurationName = Release;
		};
		B89CBA852AF55BBF003FA898 /* Build configuration list for PBXProject "EssentialFeedMacos" */ = {
			isa = XCConfigurationList;
			buildConfigurations = (
				B89CBA9D2AF55BBF003FA898 /* Debug */,
				B89CBA9E2AF55BBF003FA898 /* Release */,
			);
			defaultConfigurationIsVisible = 0;
			defaultConfigurationName = Release;
		};
		B89CBA9F2AF55BBF003FA898 /* Build configuration list for PBXNativeTarget "EssentialFeedMacos" */ = {
			isa = XCConfigurationList;
			buildConfigurations = (
				B89CBAA02AF55BBF003FA898 /* Debug */,
				B89CBAA12AF55BBF003FA898 /* Release */,
			);
			defaultConfigurationIsVisible = 0;
			defaultConfigurationName = Release;
		};
		B89CBAA22AF55BBF003FA898 /* Build configuration list for PBXNativeTarget "EssentialFeedMacosTests" */ = {
			isa = XCConfigurationList;
			buildConfigurations = (
				B89CBAA32AF55BBF003FA898 /* Debug */,
				B89CBAA42AF55BBF003FA898 /* Release */,
			);
			defaultConfigurationIsVisible = 0;
			defaultConfigurationName = Release;
		};
		B8DC4F962BF29CA1006A9A9D /* Build configuration list for PBXNativeTarget "EssentialFeedAPI" */ = {
			isa = XCConfigurationList;
			buildConfigurations = (
				B8DC4F922BF29CA1006A9A9D /* Debug */,
				B8DC4F932BF29CA1006A9A9D /* Release */,
			);
			defaultConfigurationIsVisible = 0;
			defaultConfigurationName = Release;
		};
		B8DC4F972BF29CA1006A9A9D /* Build configuration list for PBXNativeTarget "EssentialFeedAPITests" */ = {
			isa = XCConfigurationList;
			buildConfigurations = (
				B8DC4F942BF29CA1006A9A9D /* Debug */,
				B8DC4F952BF29CA1006A9A9D /* Release */,
			);
			defaultConfigurationIsVisible = 0;
			defaultConfigurationName = Release;
		};
		B8E308B52AF65E840096291E /* Build configuration list for PBXNativeTarget "EssentialFeedMacosAPIEndToEndTests" */ = {
			isa = XCConfigurationList;
			buildConfigurations = (
				B8E308B62AF65E840096291E /* Debug */,
				B8E308B72AF65E840096291E /* Release */,
			);
			defaultConfigurationIsVisible = 0;
			defaultConfigurationName = Release;
		};
/* End XCConfigurationList section */

/* Begin XCVersionGroup section */
		B8142C752B14E9C2008BB684 /* FeedStore.xcdatamodeld */ = {
			isa = XCVersionGroup;
			children = (
				B8D3F42C2B8A2DC600043027 /* FeedStore2.xcdatamodel */,
				B8D3F4292B8A27D300043027 /* FeedStore 2.xcdatamodel */,
				B8142C762B14E9C2008BB684 /* FeedStore.xcdatamodel */,
			);
			currentVersion = B8142C762B14E9C2008BB684 /* FeedStore.xcdatamodel */;
			path = FeedStore.xcdatamodeld;
			sourceTree = "<group>";
			versionGroupType = wrapper.xcdatamodel;
		};
/* End XCVersionGroup section */
	};
	rootObject = B89CBA822AF55BBF003FA898 /* Project object */;
}
